// !$*UTF8*$!
{
	archiveVersion = 1;
	classes = {
	};
	objectVersion = 46;
	objects = {

/* Begin PBXBuildFile section */
		9212EB3D1C61499F00D17504 /* colors.m in Sources */ = {isa = PBXBuildFile; fileRef = 9212EB3C1C61499F00D17504 /* colors.m */; };
		9216595B1C58CC9E006239D6 /* session.m in Sources */ = {isa = PBXBuildFile; fileRef = 9216595A1C58CC9E006239D6 /* session.m */; };
		923D14941C6B05A400629F78 /* SessionCellHeader.m in Sources */ = {isa = PBXBuildFile; fileRef = 923D14931C6B05A400629F78 /* SessionCellHeader.m */; };
		923D14971C6B08AE00629F78 /* SessionDetailViewController.m in Sources */ = {isa = PBXBuildFile; fileRef = 923D14961C6B08AE00629F78 /* SessionDetailViewController.m */; };
		92470D021C389081003E6F7E /* main.m in Sources */ = {isa = PBXBuildFile; fileRef = 92470D011C389081003E6F7E /* main.m */; };
		92470D051C389081003E6F7E /* AppDelegate.m in Sources */ = {isa = PBXBuildFile; fileRef = 92470D041C389081003E6F7E /* AppDelegate.m */; };
		92470D081C389081003E6F7E /* ViewController.m in Sources */ = {isa = PBXBuildFile; fileRef = 92470D071C389081003E6F7E /* ViewController.m */; };
		92470D0B1C389081003E6F7E /* Main.storyboard in Resources */ = {isa = PBXBuildFile; fileRef = 92470D091C389081003E6F7E /* Main.storyboard */; };
		92470D0E1C389081003E6F7E /* newco_festivals.xcdatamodeld in Sources */ = {isa = PBXBuildFile; fileRef = 92470D0C1C389081003E6F7E /* newco_festivals.xcdatamodeld */; };
		92470D101C389081003E6F7E /* Assets.xcassets in Resources */ = {isa = PBXBuildFile; fileRef = 92470D0F1C389081003E6F7E /* Assets.xcassets */; };
		92470D131C389081003E6F7E /* LaunchScreen.storyboard in Resources */ = {isa = PBXBuildFile; fileRef = 92470D111C389081003E6F7E /* LaunchScreen.storyboard */; };
		92470D1E1C389082003E6F7E /* newco_festivalsTests.m in Sources */ = {isa = PBXBuildFile; fileRef = 92470D1D1C389082003E6F7E /* newco_festivalsTests.m */; };
		92470D291C389082003E6F7E /* newco_festivalsUITests.m in Sources */ = {isa = PBXBuildFile; fileRef = 92470D281C389082003E6F7E /* newco_festivalsUITests.m */; };
		924ECB681C6134AC0093CAA1 /* SignInViewController.m in Sources */ = {isa = PBXBuildFile; fileRef = 924ECB671C6134AC0093CAA1 /* SignInViewController.m */; };
		924ECB6B1C6136440093CAA1 /* SessionCell.m in Sources */ = {isa = PBXBuildFile; fileRef = 924ECB6A1C6136440093CAA1 /* SessionCell.m */; };
		924ECB741C613B0C0093CAA1 /* ApplicationViewController.m in Sources */ = {isa = PBXBuildFile; fileRef = 924ECB731C613B0C0093CAA1 /* ApplicationViewController.m */; };
		929107211C6C4740004B517C /* UserInitial.m in Sources */ = {isa = PBXBuildFile; fileRef = 929107201C6C4740004B517C /* UserInitial.m */; };
		929107231C6C4777004B517C /* UserInitial.xib in Resources */ = {isa = PBXBuildFile; fileRef = 929107221C6C4777004B517C /* UserInitial.xib */; };
/* End PBXBuildFile section */

/* Begin PBXContainerItemProxy section */
		92470D1A1C389082003E6F7E /* PBXContainerItemProxy */ = {
			isa = PBXContainerItemProxy;
			containerPortal = 92470CF51C389081003E6F7E /* Project object */;
			proxyType = 1;
			remoteGlobalIDString = 92470CFC1C389081003E6F7E;
			remoteInfo = "newco-festivals";
		};
		92470D251C389082003E6F7E /* PBXContainerItemProxy */ = {
			isa = PBXContainerItemProxy;
			containerPortal = 92470CF51C389081003E6F7E /* Project object */;
			proxyType = 1;
			remoteGlobalIDString = 92470CFC1C389081003E6F7E;
			remoteInfo = "newco-festivals";
		};
/* End PBXContainerItemProxy section */

/* Begin PBXFileReference section */
		9212EB3B1C61499F00D17504 /* colors.h */ = {isa = PBXFileReference; fileEncoding = 4; lastKnownFileType = sourcecode.c.h; path = colors.h; sourceTree = "<group>"; };
		9212EB3C1C61499F00D17504 /* colors.m */ = {isa = PBXFileReference; fileEncoding = 4; lastKnownFileType = sourcecode.c.objc; path = colors.m; sourceTree = "<group>"; };
		9212EB3E1C6149A800D17504 /* constants.h */ = {isa = PBXFileReference; lastKnownFileType = sourcecode.c.h; path = constants.h; sourceTree = "<group>"; };
		921659591C58CC9E006239D6 /* session.h */ = {isa = PBXFileReference; fileEncoding = 4; lastKnownFileType = sourcecode.c.h; path = session.h; sourceTree = "<group>"; };
		9216595A1C58CC9E006239D6 /* session.m */ = {isa = PBXFileReference; fileEncoding = 4; lastKnownFileType = sourcecode.c.objc; path = session.m; sourceTree = "<group>"; };
		923D14921C6B05A400629F78 /* SessionCellHeader.h */ = {isa = PBXFileReference; fileEncoding = 4; lastKnownFileType = sourcecode.c.h; path = SessionCellHeader.h; sourceTree = "<group>"; };
		923D14931C6B05A400629F78 /* SessionCellHeader.m */ = {isa = PBXFileReference; fileEncoding = 4; lastKnownFileType = sourcecode.c.objc; path = SessionCellHeader.m; sourceTree = "<group>"; };
		923D14951C6B08AE00629F78 /* SessionDetailViewController.h */ = {isa = PBXFileReference; fileEncoding = 4; lastKnownFileType = sourcecode.c.h; path = SessionDetailViewController.h; sourceTree = "<group>"; };
		923D14961C6B08AE00629F78 /* SessionDetailViewController.m */ = {isa = PBXFileReference; fileEncoding = 4; lastKnownFileType = sourcecode.c.objc; path = SessionDetailViewController.m; sourceTree = "<group>"; };
		92470CFD1C389081003E6F7E /* newco-festivals.app */ = {isa = PBXFileReference; explicitFileType = wrapper.application; includeInIndex = 0; path = "newco-festivals.app"; sourceTree = BUILT_PRODUCTS_DIR; };
		92470D011C389081003E6F7E /* main.m */ = {isa = PBXFileReference; lastKnownFileType = sourcecode.c.objc; path = main.m; sourceTree = "<group>"; };
		92470D031C389081003E6F7E /* AppDelegate.h */ = {isa = PBXFileReference; lastKnownFileType = sourcecode.c.h; path = AppDelegate.h; sourceTree = "<group>"; };
		92470D041C389081003E6F7E /* AppDelegate.m */ = {isa = PBXFileReference; lastKnownFileType = sourcecode.c.objc; path = AppDelegate.m; sourceTree = "<group>"; };
		92470D061C389081003E6F7E /* ViewController.h */ = {isa = PBXFileReference; lastKnownFileType = sourcecode.c.h; path = ViewController.h; sourceTree = "<group>"; };
		92470D071C389081003E6F7E /* ViewController.m */ = {isa = PBXFileReference; lastKnownFileType = sourcecode.c.objc; path = ViewController.m; sourceTree = "<group>"; };
		92470D0A1C389081003E6F7E /* Base */ = {isa = PBXFileReference; lastKnownFileType = file.storyboard; name = Base; path = Base.lproj/Main.storyboard; sourceTree = "<group>"; };
		92470D0D1C389081003E6F7E /* newco_festivals.xcdatamodel */ = {isa = PBXFileReference; lastKnownFileType = wrapper.xcdatamodel; path = newco_festivals.xcdatamodel; sourceTree = "<group>"; };
		92470D0F1C389081003E6F7E /* Assets.xcassets */ = {isa = PBXFileReference; lastKnownFileType = folder.assetcatalog; path = Assets.xcassets; sourceTree = "<group>"; };
		92470D121C389081003E6F7E /* Base */ = {isa = PBXFileReference; lastKnownFileType = file.storyboard; name = Base; path = Base.lproj/LaunchScreen.storyboard; sourceTree = "<group>"; };
		92470D141C389081003E6F7E /* Info.plist */ = {isa = PBXFileReference; lastKnownFileType = text.plist.xml; path = Info.plist; sourceTree = "<group>"; };
		92470D191C389082003E6F7E /* newco-festivalsTests.xctest */ = {isa = PBXFileReference; explicitFileType = wrapper.cfbundle; includeInIndex = 0; path = "newco-festivalsTests.xctest"; sourceTree = BUILT_PRODUCTS_DIR; };
		92470D1D1C389082003E6F7E /* newco_festivalsTests.m */ = {isa = PBXFileReference; lastKnownFileType = sourcecode.c.objc; path = newco_festivalsTests.m; sourceTree = "<group>"; };
		92470D1F1C389082003E6F7E /* Info.plist */ = {isa = PBXFileReference; lastKnownFileType = text.plist.xml; path = Info.plist; sourceTree = "<group>"; };
		92470D241C389082003E6F7E /* newco-festivalsUITests.xctest */ = {isa = PBXFileReference; explicitFileType = wrapper.cfbundle; includeInIndex = 0; path = "newco-festivalsUITests.xctest"; sourceTree = BUILT_PRODUCTS_DIR; };
		92470D281C389082003E6F7E /* newco_festivalsUITests.m */ = {isa = PBXFileReference; lastKnownFileType = sourcecode.c.objc; path = newco_festivalsUITests.m; sourceTree = "<group>"; };
		92470D2A1C389082003E6F7E /* Info.plist */ = {isa = PBXFileReference; lastKnownFileType = text.plist.xml; path = Info.plist; sourceTree = "<group>"; };
		924ECB661C6134AC0093CAA1 /* SignInViewController.h */ = {isa = PBXFileReference; fileEncoding = 4; lastKnownFileType = sourcecode.c.h; path = SignInViewController.h; sourceTree = "<group>"; };
		924ECB671C6134AC0093CAA1 /* SignInViewController.m */ = {isa = PBXFileReference; fileEncoding = 4; lastKnownFileType = sourcecode.c.objc; path = SignInViewController.m; sourceTree = "<group>"; };
		924ECB691C6136440093CAA1 /* SessionCell.h */ = {isa = PBXFileReference; fileEncoding = 4; lastKnownFileType = sourcecode.c.h; path = SessionCell.h; sourceTree = "<group>"; };
		924ECB6A1C6136440093CAA1 /* SessionCell.m */ = {isa = PBXFileReference; fileEncoding = 4; lastKnownFileType = sourcecode.c.objc; path = SessionCell.m; sourceTree = "<group>"; };
		924ECB721C613B0C0093CAA1 /* ApplicationViewController.h */ = {isa = PBXFileReference; fileEncoding = 4; lastKnownFileType = sourcecode.c.h; path = ApplicationViewController.h; sourceTree = "<group>"; };
		924ECB731C613B0C0093CAA1 /* ApplicationViewController.m */ = {isa = PBXFileReference; fileEncoding = 4; lastKnownFileType = sourcecode.c.objc; path = ApplicationViewController.m; sourceTree = "<group>"; };
		9291071F1C6C4740004B517C /* UserInitial.h */ = {isa = PBXFileReference; fileEncoding = 4; lastKnownFileType = sourcecode.c.h; path = UserInitial.h; sourceTree = "<group>"; };
		929107201C6C4740004B517C /* UserInitial.m */ = {isa = PBXFileReference; fileEncoding = 4; lastKnownFileType = sourcecode.c.objc; path = UserInitial.m; sourceTree = "<group>"; };
		929107221C6C4777004B517C /* UserInitial.xib */ = {isa = PBXFileReference; fileEncoding = 4; lastKnownFileType = file.xib; path = UserInitial.xib; sourceTree = "<group>"; };
/* End PBXFileReference section */

/* Begin PBXFrameworksBuildPhase section */
		92470CFA1C389081003E6F7E /* Frameworks */ = {
			isa = PBXFrameworksBuildPhase;
			buildActionMask = 2147483647;
			files = (
			);
			runOnlyForDeploymentPostprocessing = 0;
		};
		92470D161C389082003E6F7E /* Frameworks */ = {
			isa = PBXFrameworksBuildPhase;
			buildActionMask = 2147483647;
			files = (
			);
			runOnlyForDeploymentPostprocessing = 0;
		};
		92470D211C389082003E6F7E /* Frameworks */ = {
			isa = PBXFrameworksBuildPhase;
			buildActionMask = 2147483647;
			files = (
			);
			runOnlyForDeploymentPostprocessing = 0;
		};
/* End PBXFrameworksBuildPhase section */

/* Begin PBXGroup section */
		92470CF41C389081003E6F7E = {
			isa = PBXGroup;
			children = (
				92470CFF1C389081003E6F7E /* newco-festivals */,
				92470D1C1C389082003E6F7E /* newco-festivalsTests */,
				92470D271C389082003E6F7E /* newco-festivalsUITests */,
				92470CFE1C389081003E6F7E /* Products */,
			);
			sourceTree = "<group>";
		};
		92470CFE1C389081003E6F7E /* Products */ = {
			isa = PBXGroup;
			children = (
				92470CFD1C389081003E6F7E /* newco-festivals.app */,
				92470D191C389082003E6F7E /* newco-festivalsTests.xctest */,
				92470D241C389082003E6F7E /* newco-festivalsUITests.xctest */,
			);
			name = Products;
			sourceTree = "<group>";
		};
		92470CFF1C389081003E6F7E /* newco-festivals */ = {
			isa = PBXGroup;
			children = (
				92470D031C389081003E6F7E /* AppDelegate.h */,
				92470D041C389081003E6F7E /* AppDelegate.m */,
				92470D061C389081003E6F7E /* ViewController.h */,
				92470D071C389081003E6F7E /* ViewController.m */,
				92470D091C389081003E6F7E /* Main.storyboard */,
				92470D0F1C389081003E6F7E /* Assets.xcassets */,
				92470D111C389081003E6F7E /* LaunchScreen.storyboard */,
				92470D141C389081003E6F7E /* Info.plist */,
				92470D0C1C389081003E6F7E /* newco_festivals.xcdatamodeld */,
				92470D001C389081003E6F7E /* Supporting Files */,
				921659591C58CC9E006239D6 /* session.h */,
				9216595A1C58CC9E006239D6 /* session.m */,
				924ECB661C6134AC0093CAA1 /* SignInViewController.h */,
				924ECB671C6134AC0093CAA1 /* SignInViewController.m */,
				924ECB691C6136440093CAA1 /* SessionCell.h */,
				924ECB6A1C6136440093CAA1 /* SessionCell.m */,
				924ECB721C613B0C0093CAA1 /* ApplicationViewController.h */,
				924ECB731C613B0C0093CAA1 /* ApplicationViewController.m */,
				9212EB3B1C61499F00D17504 /* colors.h */,
				9212EB3C1C61499F00D17504 /* colors.m */,
				9212EB3E1C6149A800D17504 /* constants.h */,
				923D14921C6B05A400629F78 /* SessionCellHeader.h */,
				923D14931C6B05A400629F78 /* SessionCellHeader.m */,
				923D14951C6B08AE00629F78 /* SessionDetailViewController.h */,
				923D14961C6B08AE00629F78 /* SessionDetailViewController.m */,
				9291071F1C6C4740004B517C /* UserInitial.h */,
				929107201C6C4740004B517C /* UserInitial.m */,
				929107221C6C4777004B517C /* UserInitial.xib */,
			);
			path = "newco-festivals";
			sourceTree = "<group>";
		};
		92470D001C389081003E6F7E /* Supporting Files */ = {
			isa = PBXGroup;
			children = (
				92470D011C389081003E6F7E /* main.m */,
			);
			name = "Supporting Files";
			sourceTree = "<group>";
		};
		92470D1C1C389082003E6F7E /* newco-festivalsTests */ = {
			isa = PBXGroup;
			children = (
				92470D1D1C389082003E6F7E /* newco_festivalsTests.m */,
				92470D1F1C389082003E6F7E /* Info.plist */,
			);
			path = "newco-festivalsTests";
			sourceTree = "<group>";
		};
		92470D271C389082003E6F7E /* newco-festivalsUITests */ = {
			isa = PBXGroup;
			children = (
				92470D281C389082003E6F7E /* newco_festivalsUITests.m */,
				92470D2A1C389082003E6F7E /* Info.plist */,
			);
			path = "newco-festivalsUITests";
			sourceTree = "<group>";
		};
/* End PBXGroup section */

/* Begin PBXNativeTarget section */
		92470CFC1C389081003E6F7E /* newco-festivals */ = {
			isa = PBXNativeTarget;
			buildConfigurationList = 92470D2D1C389082003E6F7E /* Build configuration list for PBXNativeTarget "newco-festivals" */;
			buildPhases = (
				92470CF91C389081003E6F7E /* Sources */,
				92470CFA1C389081003E6F7E /* Frameworks */,
				92470CFB1C389081003E6F7E /* Resources */,
			);
			buildRules = (
			);
			dependencies = (
			);
			name = "newco-festivals";
			productName = "newco-festivals";
			productReference = 92470CFD1C389081003E6F7E /* newco-festivals.app */;
			productType = "com.apple.product-type.application";
		};
		92470D181C389082003E6F7E /* newco-festivalsTests */ = {
			isa = PBXNativeTarget;
			buildConfigurationList = 92470D301C389082003E6F7E /* Build configuration list for PBXNativeTarget "newco-festivalsTests" */;
			buildPhases = (
				92470D151C389082003E6F7E /* Sources */,
				92470D161C389082003E6F7E /* Frameworks */,
				92470D171C389082003E6F7E /* Resources */,
			);
			buildRules = (
			);
			dependencies = (
				92470D1B1C389082003E6F7E /* PBXTargetDependency */,
			);
			name = "newco-festivalsTests";
			productName = "newco-festivalsTests";
			productReference = 92470D191C389082003E6F7E /* newco-festivalsTests.xctest */;
			productType = "com.apple.product-type.bundle.unit-test";
		};
		92470D231C389082003E6F7E /* newco-festivalsUITests */ = {
			isa = PBXNativeTarget;
			buildConfigurationList = 92470D331C389082003E6F7E /* Build configuration list for PBXNativeTarget "newco-festivalsUITests" */;
			buildPhases = (
				92470D201C389082003E6F7E /* Sources */,
				92470D211C389082003E6F7E /* Frameworks */,
				92470D221C389082003E6F7E /* Resources */,
			);
			buildRules = (
			);
			dependencies = (
				92470D261C389082003E6F7E /* PBXTargetDependency */,
			);
			name = "newco-festivalsUITests";
			productName = "newco-festivalsUITests";
			productReference = 92470D241C389082003E6F7E /* newco-festivalsUITests.xctest */;
			productType = "com.apple.product-type.bundle.ui-testing";
		};
/* End PBXNativeTarget section */

/* Begin PBXProject section */
		92470CF51C389081003E6F7E /* Project object */ = {
			isa = PBXProject;
			attributes = {
				LastUpgradeCheck = 0720;
				ORGANIZATIONNAME = newco;
				TargetAttributes = {
					92470CFC1C389081003E6F7E = {
						CreatedOnToolsVersion = 7.2;
					};
					92470D181C389082003E6F7E = {
						CreatedOnToolsVersion = 7.2;
						TestTargetID = 92470CFC1C389081003E6F7E;
					};
					92470D231C389082003E6F7E = {
						CreatedOnToolsVersion = 7.2;
						TestTargetID = 92470CFC1C389081003E6F7E;
					};
				};
			};
			buildConfigurationList = 92470CF81C389081003E6F7E /* Build configuration list for PBXProject "newco-festivals" */;
			compatibilityVersion = "Xcode 3.2";
			developmentRegion = English;
			hasScannedForEncodings = 0;
			knownRegions = (
				en,
				Base,
			);
			mainGroup = 92470CF41C389081003E6F7E;
			productRefGroup = 92470CFE1C389081003E6F7E /* Products */;
			projectDirPath = "";
			projectRoot = "";
			targets = (
				92470CFC1C389081003E6F7E /* newco-festivals */,
				92470D181C389082003E6F7E /* newco-festivalsTests */,
				92470D231C389082003E6F7E /* newco-festivalsUITests */,
			);
		};
/* End PBXProject section */

/* Begin PBXResourcesBuildPhase section */
		92470CFB1C389081003E6F7E /* Resources */ = {
			isa = PBXResourcesBuildPhase;
			buildActionMask = 2147483647;
			files = (
				92470D131C389081003E6F7E /* LaunchScreen.storyboard in Resources */,
				929107231C6C4777004B517C /* UserInitial.xib in Resources */,
				92470D101C389081003E6F7E /* Assets.xcassets in Resources */,
				92470D0B1C389081003E6F7E /* Main.storyboard in Resources */,
			);
			runOnlyForDeploymentPostprocessing = 0;
		};
		92470D171C389082003E6F7E /* Resources */ = {
			isa = PBXResourcesBuildPhase;
			buildActionMask = 2147483647;
			files = (
			);
			runOnlyForDeploymentPostprocessing = 0;
		};
		92470D221C389082003E6F7E /* Resources */ = {
			isa = PBXResourcesBuildPhase;
			buildActionMask = 2147483647;
			files = (
			);
			runOnlyForDeploymentPostprocessing = 0;
		};
/* End PBXResourcesBuildPhase section */

/* Begin PBXSourcesBuildPhase section */
		92470CF91C389081003E6F7E /* Sources */ = {
			isa = PBXSourcesBuildPhase;
			buildActionMask = 2147483647;
			files = (
				92470D0E1C389081003E6F7E /* newco_festivals.xcdatamodeld in Sources */,
				923D14941C6B05A400629F78 /* SessionCellHeader.m in Sources */,
				92470D081C389081003E6F7E /* ViewController.m in Sources */,
				92470D051C389081003E6F7E /* AppDelegate.m in Sources */,
				924ECB741C613B0C0093CAA1 /* ApplicationViewController.m in Sources */,
				929107211C6C4740004B517C /* UserInitial.m in Sources */,
				92470D021C389081003E6F7E /* main.m in Sources */,
				924ECB681C6134AC0093CAA1 /* SignInViewController.m in Sources */,
				9212EB3D1C61499F00D17504 /* colors.m in Sources */,
				9216595B1C58CC9E006239D6 /* session.m in Sources */,
				923D14971C6B08AE00629F78 /* SessionDetailViewController.m in Sources */,
				924ECB6B1C6136440093CAA1 /* SessionCell.m in Sources */,
			);
			runOnlyForDeploymentPostprocessing = 0;
		};
		92470D151C389082003E6F7E /* Sources */ = {
			isa = PBXSourcesBuildPhase;
			buildActionMask = 2147483647;
			files = (
				92470D1E1C389082003E6F7E /* newco_festivalsTests.m in Sources */,
			);
			runOnlyForDeploymentPostprocessing = 0;
		};
		92470D201C389082003E6F7E /* Sources */ = {
			isa = PBXSourcesBuildPhase;
			buildActionMask = 2147483647;
			files = (
				92470D291C389082003E6F7E /* newco_festivalsUITests.m in Sources */,
			);
			runOnlyForDeploymentPostprocessing = 0;
		};
/* End PBXSourcesBuildPhase section */

/* Begin PBXTargetDependency section */
		92470D1B1C389082003E6F7E /* PBXTargetDependency */ = {
			isa = PBXTargetDependency;
			target = 92470CFC1C389081003E6F7E /* newco-festivals */;
			targetProxy = 92470D1A1C389082003E6F7E /* PBXContainerItemProxy */;
		};
		92470D261C389082003E6F7E /* PBXTargetDependency */ = {
			isa = PBXTargetDependency;
			target = 92470CFC1C389081003E6F7E /* newco-festivals */;
			targetProxy = 92470D251C389082003E6F7E /* PBXContainerItemProxy */;
		};
/* End PBXTargetDependency section */

/* Begin PBXVariantGroup section */
		92470D091C389081003E6F7E /* Main.storyboard */ = {
			isa = PBXVariantGroup;
			children = (
				92470D0A1C389081003E6F7E /* Base */,
			);
			name = Main.storyboard;
			sourceTree = "<group>";
		};
		92470D111C389081003E6F7E /* LaunchScreen.storyboard */ = {
			isa = PBXVariantGroup;
			children = (
				92470D121C389081003E6F7E /* Base */,
			);
			name = LaunchScreen.storyboard;
			sourceTree = "<group>";
		};
/* End PBXVariantGroup section */

/* Begin XCBuildConfiguration section */
		92470D2B1C389082003E6F7E /* Debug */ = {
			isa = XCBuildConfiguration;
			buildSettings = {
				ALWAYS_SEARCH_USER_PATHS = NO;
				CLANG_CXX_LANGUAGE_STANDARD = "gnu++0x";
				CLANG_CXX_LIBRARY = "libc++";
				CLANG_ENABLE_MODULES = YES;
				CLANG_ENABLE_OBJC_ARC = YES;
				CLANG_WARN_BOOL_CONVERSION = YES;
				CLANG_WARN_CONSTANT_CONVERSION = YES;
				CLANG_WARN_DIRECT_OBJC_ISA_USAGE = YES_ERROR;
				CLANG_WARN_EMPTY_BODY = YES;
				CLANG_WARN_ENUM_CONVERSION = YES;
				CLANG_WARN_INT_CONVERSION = YES;
				CLANG_WARN_OBJC_ROOT_CLASS = YES_ERROR;
				CLANG_WARN_UNREACHABLE_CODE = YES;
				CLANG_WARN__DUPLICATE_METHOD_MATCH = YES;
				"CODE_SIGN_IDENTITY[sdk=iphoneos*]" = "iPhone Developer";
				COPY_PHASE_STRIP = NO;
				DEBUG_INFORMATION_FORMAT = dwarf;
				ENABLE_STRICT_OBJC_MSGSEND = YES;
				ENABLE_TESTABILITY = YES;
				GCC_C_LANGUAGE_STANDARD = gnu99;
				GCC_DYNAMIC_NO_PIC = NO;
				GCC_NO_COMMON_BLOCKS = YES;
				GCC_OPTIMIZATION_LEVEL = 0;
				GCC_PREPROCESSOR_DEFINITIONS = (
					"DEBUG=1",
					"$(inherited)",
				);
				GCC_WARN_64_TO_32_BIT_CONVERSION = YES;
				GCC_WARN_ABOUT_RETURN_TYPE = YES_ERROR;
				GCC_WARN_UNDECLARED_SELECTOR = YES;
				GCC_WARN_UNINITIALIZED_AUTOS = YES_AGGRESSIVE;
				GCC_WARN_UNUSED_FUNCTION = YES;
				GCC_WARN_UNUSED_VARIABLE = YES;
				IPHONEOS_DEPLOYMENT_TARGET = 9.2;
				MTL_ENABLE_DEBUG_INFO = YES;
				ONLY_ACTIVE_ARCH = YES;
				SDKROOT = iphoneos;
			};
			name = Debug;
		};
		92470D2C1C389082003E6F7E /* Release */ = {
			isa = XCBuildConfiguration;
			buildSettings = {
				ALWAYS_SEARCH_USER_PATHS = NO;
				CLANG_CXX_LANGUAGE_STANDARD = "gnu++0x";
				CLANG_CXX_LIBRARY = "libc++";
				CLANG_ENABLE_MODULES = YES;
				CLANG_ENABLE_OBJC_ARC = YES;
				CLANG_WARN_BOOL_CONVERSION = YES;
				CLANG_WARN_CONSTANT_CONVERSION = YES;
				CLANG_WARN_DIRECT_OBJC_ISA_USAGE = YES_ERROR;
				CLANG_WARN_EMPTY_BODY = YES;
				CLANG_WARN_ENUM_CONVERSION = YES;
				CLANG_WARN_INT_CONVERSION = YES;
				CLANG_WARN_OBJC_ROOT_CLASS = YES_ERROR;
				CLANG_WARN_UNREACHABLE_CODE = YES;
				CLANG_WARN__DUPLICATE_METHOD_MATCH = YES;
				"CODE_SIGN_IDENTITY[sdk=iphoneos*]" = "iPhone Developer";
				COPY_PHASE_STRIP = NO;
				DEBUG_INFORMATION_FORMAT = "dwarf-with-dsym";
				ENABLE_NS_ASSERTIONS = NO;
				ENABLE_STRICT_OBJC_MSGSEND = YES;
				GCC_C_LANGUAGE_STANDARD = gnu99;
				GCC_NO_COMMON_BLOCKS = YES;
				GCC_WARN_64_TO_32_BIT_CONVERSION = YES;
				GCC_WARN_ABOUT_RETURN_TYPE = YES_ERROR;
				GCC_WARN_UNDECLARED_SELECTOR = YES;
				GCC_WARN_UNINITIALIZED_AUTOS = YES_AGGRESSIVE;
				GCC_WARN_UNUSED_FUNCTION = YES;
				GCC_WARN_UNUSED_VARIABLE = YES;
				IPHONEOS_DEPLOYMENT_TARGET = 9.2;
				MTL_ENABLE_DEBUG_INFO = NO;
				SDKROOT = iphoneos;
				VALIDATE_PRODUCT = YES;
			};
			name = Release;
		};
		92470D2E1C389082003E6F7E /* Debug */ = {
			isa = XCBuildConfiguration;
			buildSettings = {
				ASSETCATALOG_COMPILER_APPICON_NAME = AppIcon;
				INFOPLIST_FILE = "newco-festivals/Info.plist";
				LD_RUNPATH_SEARCH_PATHS = "$(inherited) @executable_path/Frameworks";
				PRODUCT_BUNDLE_IDENTIFIER = "newco.newco-festivals";
				PRODUCT_NAME = "$(TARGET_NAME)";
			};
			name = Debug;
		};
		92470D2F1C389082003E6F7E /* Release */ = {
			isa = XCBuildConfiguration;
			buildSettings = {
				ASSETCATALOG_COMPILER_APPICON_NAME = AppIcon;
				INFOPLIST_FILE = "newco-festivals/Info.plist";
				LD_RUNPATH_SEARCH_PATHS = "$(inherited) @executable_path/Frameworks";
				PRODUCT_BUNDLE_IDENTIFIER = "newco.newco-festivals";
				PRODUCT_NAME = "$(TARGET_NAME)";
			};
			name = Release;
		};
		92470D311C389082003E6F7E /* Debug */ = {
			isa = XCBuildConfiguration;
			buildSettings = {
				BUNDLE_LOADER = "$(TEST_HOST)";
				INFOPLIST_FILE = "newco-festivalsTests/Info.plist";
				LD_RUNPATH_SEARCH_PATHS = "$(inherited) @executable_path/Frameworks @loader_path/Frameworks";
				PRODUCT_BUNDLE_IDENTIFIER = "newco.newco-festivalsTests";
				PRODUCT_NAME = "$(TARGET_NAME)";
				TEST_HOST = "$(BUILT_PRODUCTS_DIR)/newco-festivals.app/newco-festivals";
			};
			name = Debug;
		};
		92470D321C389082003E6F7E /* Release */ = {
			isa = XCBuildConfiguration;
			buildSettings = {
				BUNDLE_LOADER = "$(TEST_HOST)";
				INFOPLIST_FILE = "newco-festivalsTests/Info.plist";
				LD_RUNPATH_SEARCH_PATHS = "$(inherited) @executable_path/Frameworks @loader_path/Frameworks";
				PRODUCT_BUNDLE_IDENTIFIER = "newco.newco-festivalsTests";
				PRODUCT_NAME = "$(TARGET_NAME)";
				TEST_HOST = "$(BUILT_PRODUCTS_DIR)/newco-festivals.app/newco-festivals";
			};
			name = Release;
		};
		92470D341C389082003E6F7E /* Debug */ = {
			isa = XCBuildConfiguration;
			buildSettings = {
				INFOPLIST_FILE = "newco-festivalsUITests/Info.plist";
				LD_RUNPATH_SEARCH_PATHS = "$(inherited) @executable_path/Frameworks @loader_path/Frameworks";
				PRODUCT_BUNDLE_IDENTIFIER = "newco.newco-festivalsUITests";
				PRODUCT_NAME = "$(TARGET_NAME)";
				TEST_TARGET_NAME = "newco-festivals";
				USES_XCTRUNNER = YES;
			};
			name = Debug;
		};
		92470D351C389082003E6F7E /* Release */ = {
			isa = XCBuildConfiguration;
			buildSettings = {
				INFOPLIST_FILE = "newco-festivalsUITests/Info.plist";
				LD_RUNPATH_SEARCH_PATHS = "$(inherited) @executable_path/Frameworks @loader_path/Frameworks";
				PRODUCT_BUNDLE_IDENTIFIER = "newco.newco-festivalsUITests";
				PRODUCT_NAME = "$(TARGET_NAME)";
				TEST_TARGET_NAME = "newco-festivals";
				USES_XCTRUNNER = YES;
			};
			name = Release;
		};
/* End XCBuildConfiguration section */

/* Begin XCConfigurationList section */
		92470CF81C389081003E6F7E /* Build configuration list for PBXProject "newco-festivals" */ = {
			isa = XCConfigurationList;
			buildConfigurations = (
				92470D2B1C389082003E6F7E /* Debug */,
				92470D2C1C389082003E6F7E /* Release */,
			);
			defaultConfigurationIsVisible = 0;
			defaultConfigurationName = Release;
		};
		92470D2D1C389082003E6F7E /* Build configuration list for PBXNativeTarget "newco-festivals" */ = {
			isa = XCConfigurationList;
			buildConfigurations = (
				92470D2E1C389082003E6F7E /* Debug */,
				92470D2F1C389082003E6F7E /* Release */,
			);
			defaultConfigurationIsVisible = 0;
			defaultConfigurationName = Release;
		};
		92470D301C389082003E6F7E /* Build configuration list for PBXNativeTarget "newco-festivalsTests" */ = {
			isa = XCConfigurationList;
			buildConfigurations = (
				92470D311C389082003E6F7E /* Debug */,
				92470D321C389082003E6F7E /* Release */,
			);
			defaultConfigurationIsVisible = 0;
			defaultConfigurationName = Release;
		};
		92470D331C389082003E6F7E /* Build configuration list for PBXNativeTarget "newco-festivalsUITests" */ = {
			isa = XCConfigurationList;
			buildConfigurations = (
				92470D341C389082003E6F7E /* Debug */,
				92470D351C389082003E6F7E /* Release */,
			);
			defaultConfigurationIsVisible = 0;
			defaultConfigurationName = Release;
		};
/* End XCConfigurationList section */

/* Begin XCVersionGroup section */
		92470D0C1C389081003E6F7E /* newco_festivals.xcdatamodeld */ = {
			isa = XCVersionGroup;
			children = (
				92470D0D1C389081003E6F7E /* newco_festivals.xcdatamodel */,
			);
			currentVersion = 92470D0D1C389081003E6F7E /* newco_festivals.xcdatamodel */;
			path = newco_festivals.xcdatamodeld;
			sourceTree = "<group>";
			versionGroupType = wrapper.xcdatamodel;
		};
/* End XCVersionGroup section */
	};
	rootObject = 92470CF51C389081003E6F7E /* Project object */;
}
