// !$*UTF8*$!
{
	archiveVersion = 1;
	classes = {
	};
	objectVersion = 46;
	objects = {

/* Begin PBXBuildFile section */
		083505D21C830C9B00826D63 /* EditProfileViewController.m in Sources */ = {isa = PBXBuildFile; fileRef = 083505D11C830C9B00826D63 /* EditProfileViewController.m */; };
		08A590461C805CAC00890E30 /* ConfirmationModalView.m in Sources */ = {isa = PBXBuildFile; fileRef = 08A590451C805CAC00890E30 /* ConfirmationModalView.m */; };
		08A590561C80697200890E30 /* proximanova-black-webfont.ttf in Resources */ = {isa = PBXBuildFile; fileRef = 08A590511C80697200890E30 /* proximanova-black-webfont.ttf */; };
		08A590571C80697200890E30 /* proximanova-bold-webfont.ttf in Resources */ = {isa = PBXBuildFile; fileRef = 08A590521C80697200890E30 /* proximanova-bold-webfont.ttf */; };
		08A590581C80697200890E30 /* proximanova-light-webfont.ttf in Resources */ = {isa = PBXBuildFile; fileRef = 08A590531C80697200890E30 /* proximanova-light-webfont.ttf */; };
		08A590591C80697200890E30 /* proximanova-reg-webfont.ttf in Resources */ = {isa = PBXBuildFile; fileRef = 08A590541C80697200890E30 /* proximanova-reg-webfont.ttf */; };
		08A5905A1C80697200890E30 /* proximanova-sbold-webfont.ttf in Resources */ = {isa = PBXBuildFile; fileRef = 08A590551C80697200890E30 /* proximanova-sbold-webfont.ttf */; };
		08C48E3C1C75AEE100A53712 /* FestivalCellHeader.m in Sources */ = {isa = PBXBuildFile; fileRef = 08C48E3B1C75AEE100A53712 /* FestivalCellHeader.m */; };
		08C48E3E1C75AEF200A53712 /* FestivalCellHeader.xib in Resources */ = {isa = PBXBuildFile; fileRef = 08C48E3D1C75AEF200A53712 /* FestivalCellHeader.xib */; };
		08EBAFFD1C771DD60099979A /* ProfileDetailCell.xib in Resources */ = {isa = PBXBuildFile; fileRef = 08EBAFFC1C771DD60099979A /* ProfileDetailCell.xib */; };
		08EBB0001C771E0B0099979A /* ProfileDetailCell.m in Sources */ = {isa = PBXBuildFile; fileRef = 08EBAFFF1C771E0B0099979A /* ProfileDetailCell.m */; };
		08F240171C75FFD900D54B10 /* ALAlertBanner.m in Sources */ = {isa = PBXBuildFile; fileRef = 08F240121C75FFD900D54B10 /* ALAlertBanner.m */; };
		08F240181C75FFD900D54B10 /* ALAlertBannerManager.m in Sources */ = {isa = PBXBuildFile; fileRef = 08F240151C75FFD900D54B10 /* ALAlertBannerManager.m */; };
		08F240191C75FFD900D54B10 /* Images in Resources */ = {isa = PBXBuildFile; fileRef = 08F240161C75FFD900D54B10 /* Images */; };
		08F6F7DD1C747860005BC870 /* Animation.m in Sources */ = {isa = PBXBuildFile; fileRef = 08F6F7DC1C747860005BC870 /* Animation.m */; };
		08F6F7E01C74787C005BC870 /* Credentials.m in Sources */ = {isa = PBXBuildFile; fileRef = 08F6F7DF1C74787C005BC870 /* Credentials.m */; };
		08F6F7E31C74788F005BC870 /* FestivalData.m in Sources */ = {isa = PBXBuildFile; fileRef = 08F6F7E21C74788F005BC870 /* FestivalData.m */; };
		08F6F7E61C7478A3005BC870 /* Helper.m in Sources */ = {isa = PBXBuildFile; fileRef = 08F6F7E51C7478A3005BC870 /* Helper.m */; };
		08F6F7E91C7478ED005BC870 /* SWRevealViewController.m in Sources */ = {isa = PBXBuildFile; fileRef = 08F6F7E81C7478ED005BC870 /* SWRevealViewController.m */; };
		08F6F7EC1C747903005BC870 /* WebService.m in Sources */ = {isa = PBXBuildFile; fileRef = 08F6F7EB1C747903005BC870 /* WebService.m */; };
		08F6F7EF1C747974005BC870 /* MenuCell.m in Sources */ = {isa = PBXBuildFile; fileRef = 08F6F7EE1C747974005BC870 /* MenuCell.m */; };
		08F6F8221C748AC1005BC870 /* BaseMenuCell.m in Sources */ = {isa = PBXBuildFile; fileRef = 08F6F8211C748AC1005BC870 /* BaseMenuCell.m */; };
		08F6F8251C748AD0005BC870 /* BaseModal.m in Sources */ = {isa = PBXBuildFile; fileRef = 08F6F8241C748AD0005BC870 /* BaseModal.m */; };
		08F6F8281C748AE1005BC870 /* CustomUILabel.m in Sources */ = {isa = PBXBuildFile; fileRef = 08F6F8271C748AE1005BC870 /* CustomUILabel.m */; };
		08F6F82C1C748AF9005BC870 /* FestivalCell.m in Sources */ = {isa = PBXBuildFile; fileRef = 08F6F82A1C748AF9005BC870 /* FestivalCell.m */; };
		08F6F82D1C748AF9005BC870 /* FestivalCell.xib in Resources */ = {isa = PBXBuildFile; fileRef = 08F6F82B1C748AF9005BC870 /* FestivalCell.xib */; };
		08F6F8301C748B0F005BC870 /* FestivalsViewController.m in Sources */ = {isa = PBXBuildFile; fileRef = 08F6F82F1C748B0F005BC870 /* FestivalsViewController.m */; };
		08F6F8331C748B1D005BC870 /* FilterViewController.m in Sources */ = {isa = PBXBuildFile; fileRef = 08F6F8321C748B1D005BC870 /* FilterViewController.m */; };
		08F6F8361C748B3D005BC870 /* HeaderMenuCell.m in Sources */ = {isa = PBXBuildFile; fileRef = 08F6F8351C748B3D005BC870 /* HeaderMenuCell.m */; };
		08F6F8391C748B61005BC870 /* ModalView.m in Sources */ = {isa = PBXBuildFile; fileRef = 08F6F8381C748B61005BC870 /* ModalView.m */; };
		08F6F83C1C748B9E005BC870 /* NSString+NSStringAdditions.m in Sources */ = {isa = PBXBuildFile; fileRef = 08F6F83B1C748B9E005BC870 /* NSString+NSStringAdditions.m */; };
		08F6F83F1C748BBC005BC870 /* RegularMenuCell.m in Sources */ = {isa = PBXBuildFile; fileRef = 08F6F83E1C748BBC005BC870 /* RegularMenuCell.m */; };
		08F6F8421C748BE1005BC870 /* WebViewController.m in Sources */ = {isa = PBXBuildFile; fileRef = 08F6F8411C748BE1005BC870 /* WebViewController.m */; };
		08F6F8451C748C18005BC870 /* ShareModalView.m in Sources */ = {isa = PBXBuildFile; fileRef = 08F6F8441C748C18005BC870 /* ShareModalView.m */; };
		08F6F8491C748F70005BC870 /* CustomUIView.m in Sources */ = {isa = PBXBuildFile; fileRef = 08F6F8481C748F70005BC870 /* CustomUIView.m */; };
		08F6F84E1C7491CE005BC870 /* FBSDKCoreKit.framework in Frameworks */ = {isa = PBXBuildFile; fileRef = 08F6F84D1C7491CE005BC870 /* FBSDKCoreKit.framework */; };
		08F6F8501C7491DB005BC870 /* FBSDKShareKit.framework in Frameworks */ = {isa = PBXBuildFile; fileRef = 08F6F84F1C7491DB005BC870 /* FBSDKShareKit.framework */; };
		08F6F8751C749BFB005BC870 /* MenuItem.m in Sources */ = {isa = PBXBuildFile; fileRef = 08F6F8741C749BFB005BC870 /* MenuItem.m */; };
		08F6F8781C749C43005BC870 /* MenuTableViewController.m in Sources */ = {isa = PBXBuildFile; fileRef = 08F6F8771C749C43005BC870 /* MenuTableViewController.m */; };
		08F8536D1C7588A000E66966 /* AppConst.m in Sources */ = {isa = PBXBuildFile; fileRef = 08F8536C1C7588A000E66966 /* AppConst.m */; };
		7DE8288268CF6CEF49B779B7 /* libPods-newco-festivals.a in Frameworks */ = {isa = PBXBuildFile; fileRef = 4997FEDD598FF57D2CDF3495 /* libPods-newco-festivals.a */; };
		9212EB3D1C61499F00D17504 /* colors.m in Sources */ = {isa = PBXBuildFile; fileRef = 9212EB3C1C61499F00D17504 /* colors.m */; };
		9216595B1C58CC9E006239D6 /* session.m in Sources */ = {isa = PBXBuildFile; fileRef = 9216595A1C58CC9E006239D6 /* session.m */; };
		923D14941C6B05A400629F78 /* SessionCellHeader.m in Sources */ = {isa = PBXBuildFile; fileRef = 923D14931C6B05A400629F78 /* SessionCellHeader.m */; };
		923D14971C6B08AE00629F78 /* SessionDetailViewController.m in Sources */ = {isa = PBXBuildFile; fileRef = 923D14961C6B08AE00629F78 /* SessionDetailViewController.m */; };
		92470D021C389081003E6F7E /* main.m in Sources */ = {isa = PBXBuildFile; fileRef = 92470D011C389081003E6F7E /* main.m */; };
		92470D051C389081003E6F7E /* AppDelegate.m in Sources */ = {isa = PBXBuildFile; fileRef = 92470D041C389081003E6F7E /* AppDelegate.m */; };
		92470D0B1C389081003E6F7E /* Main.storyboard in Resources */ = {isa = PBXBuildFile; fileRef = 92470D091C389081003E6F7E /* Main.storyboard */; };
		92470D0E1C389081003E6F7E /* newco_festivals.xcdatamodeld in Sources */ = {isa = PBXBuildFile; fileRef = 92470D0C1C389081003E6F7E /* newco_festivals.xcdatamodeld */; };
		92470D101C389081003E6F7E /* Assets.xcassets in Resources */ = {isa = PBXBuildFile; fileRef = 92470D0F1C389081003E6F7E /* Assets.xcassets */; };
		92470D131C389081003E6F7E /* LaunchScreen.storyboard in Resources */ = {isa = PBXBuildFile; fileRef = 92470D111C389081003E6F7E /* LaunchScreen.storyboard */; };
		92470D1E1C389082003E6F7E /* newco_festivalsTests.m in Sources */ = {isa = PBXBuildFile; fileRef = 92470D1D1C389082003E6F7E /* newco_festivalsTests.m */; };
		92470D291C389082003E6F7E /* newco_festivalsUITests.m in Sources */ = {isa = PBXBuildFile; fileRef = 92470D281C389082003E6F7E /* newco_festivalsUITests.m */; };
		924ECB681C6134AC0093CAA1 /* SignInViewController.m in Sources */ = {isa = PBXBuildFile; fileRef = 924ECB671C6134AC0093CAA1 /* SignInViewController.m */; };
		924ECB6B1C6136440093CAA1 /* SessionCell.m in Sources */ = {isa = PBXBuildFile; fileRef = 924ECB6A1C6136440093CAA1 /* SessionCell.m */; };
		924ECB741C613B0C0093CAA1 /* ApplicationViewController.m in Sources */ = {isa = PBXBuildFile; fileRef = 924ECB731C613B0C0093CAA1 /* ApplicationViewController.m */; };
		92880C331C6D472100315DF0 /* SessionCellHeader.xib in Resources */ = {isa = PBXBuildFile; fileRef = 92880C321C6D472100315DF0 /* SessionCellHeader.xib */; };
		92880C351C6D472A00315DF0 /* SessionCell.xib in Resources */ = {isa = PBXBuildFile; fileRef = 92880C341C6D472A00315DF0 /* SessionCell.xib */; };
		92880C3D1C6D49C900315DF0 /* ProfileViewController.m in Sources */ = {isa = PBXBuildFile; fileRef = 92880C3C1C6D49C900315DF0 /* ProfileViewController.m */; };
		929107211C6C4740004B517C /* UserInitial.m in Sources */ = {isa = PBXBuildFile; fileRef = 929107201C6C4740004B517C /* UserInitial.m */; };
		929107231C6C4777004B517C /* UserInitial.xib in Resources */ = {isa = PBXBuildFile; fileRef = 929107221C6C4777004B517C /* UserInitial.xib */; };
		929107261C6C4FF4004B517C /* User.m in Sources */ = {isa = PBXBuildFile; fileRef = 929107251C6C4FF4004B517C /* User.m */; };
		929107291C6C50BB004B517C /* ScheduleViewController.m in Sources */ = {isa = PBXBuildFile; fileRef = 929107281C6C50BB004B517C /* ScheduleViewController.m */; };
		9291072C1C6C51DC004B517C /* ProfileCell.m in Sources */ = {isa = PBXBuildFile; fileRef = 9291072B1C6C51DC004B517C /* ProfileCell.m */; };
		9291072F1C6C5268004B517C /* ProfileTableViewController.m in Sources */ = {isa = PBXBuildFile; fileRef = 9291072E1C6C5268004B517C /* ProfileTableViewController.m */; };
		929107321C6C52E3004B517C /* RootViewController.m in Sources */ = {isa = PBXBuildFile; fileRef = 929107311C6C52E3004B517C /* RootViewController.m */; };
		929107351C6C532D004B517C /* DirectoryViewController.m in Sources */ = {isa = PBXBuildFile; fileRef = 929107341C6C532D004B517C /* DirectoryViewController.m */; };
		929107381C6C5A4E004B517C /* UserImage.m in Sources */ = {isa = PBXBuildFile; fileRef = 929107371C6C5A4E004B517C /* UserImage.m */; };
		9291073A1C6C5A5A004B517C /* UserImage.xib in Resources */ = {isa = PBXBuildFile; fileRef = 929107391C6C5A5A004B517C /* UserImage.xib */; };
/* End PBXBuildFile section */

/* Begin PBXContainerItemProxy section */
		92470D1A1C389082003E6F7E /* PBXContainerItemProxy */ = {
			isa = PBXContainerItemProxy;
			containerPortal = 92470CF51C389081003E6F7E /* Project object */;
			proxyType = 1;
			remoteGlobalIDString = 92470CFC1C389081003E6F7E;
			remoteInfo = "newco-festivals";
		};
		92470D251C389082003E6F7E /* PBXContainerItemProxy */ = {
			isa = PBXContainerItemProxy;
			containerPortal = 92470CF51C389081003E6F7E /* Project object */;
			proxyType = 1;
			remoteGlobalIDString = 92470CFC1C389081003E6F7E;
			remoteInfo = "newco-festivals";
		};
/* End PBXContainerItemProxy section */

/* Begin PBXFileReference section */
		083505D01C830C9B00826D63 /* EditProfileViewController.h */ = {isa = PBXFileReference; fileEncoding = 4; lastKnownFileType = sourcecode.c.h; path = EditProfileViewController.h; sourceTree = "<group>"; };
		083505D11C830C9B00826D63 /* EditProfileViewController.m */ = {isa = PBXFileReference; fileEncoding = 4; lastKnownFileType = sourcecode.c.objc; path = EditProfileViewController.m; sourceTree = "<group>"; };
		08A590441C805CAC00890E30 /* ConfirmationModalView.h */ = {isa = PBXFileReference; fileEncoding = 4; lastKnownFileType = sourcecode.c.h; path = ConfirmationModalView.h; sourceTree = "<group>"; };
		08A590451C805CAC00890E30 /* ConfirmationModalView.m */ = {isa = PBXFileReference; fileEncoding = 4; lastKnownFileType = sourcecode.c.objc; path = ConfirmationModalView.m; sourceTree = "<group>"; };
		08A590511C80697200890E30 /* proximanova-black-webfont.ttf */ = {isa = PBXFileReference; lastKnownFileType = file; name = "proximanova-black-webfont.ttf"; path = "../proximanova-black-webfont.ttf"; sourceTree = "<group>"; };
		08A590521C80697200890E30 /* proximanova-bold-webfont.ttf */ = {isa = PBXFileReference; lastKnownFileType = file; name = "proximanova-bold-webfont.ttf"; path = "../proximanova-bold-webfont.ttf"; sourceTree = "<group>"; };
		08A590531C80697200890E30 /* proximanova-light-webfont.ttf */ = {isa = PBXFileReference; lastKnownFileType = file; name = "proximanova-light-webfont.ttf"; path = "../proximanova-light-webfont.ttf"; sourceTree = "<group>"; };
		08A590541C80697200890E30 /* proximanova-reg-webfont.ttf */ = {isa = PBXFileReference; lastKnownFileType = file; name = "proximanova-reg-webfont.ttf"; path = "../proximanova-reg-webfont.ttf"; sourceTree = "<group>"; };
		08A590551C80697200890E30 /* proximanova-sbold-webfont.ttf */ = {isa = PBXFileReference; lastKnownFileType = file; name = "proximanova-sbold-webfont.ttf"; path = "../proximanova-sbold-webfont.ttf"; sourceTree = "<group>"; };
		08C48E3A1C75AEE100A53712 /* FestivalCellHeader.h */ = {isa = PBXFileReference; fileEncoding = 4; lastKnownFileType = sourcecode.c.h; path = FestivalCellHeader.h; sourceTree = "<group>"; };
		08C48E3B1C75AEE100A53712 /* FestivalCellHeader.m */ = {isa = PBXFileReference; fileEncoding = 4; lastKnownFileType = sourcecode.c.objc; path = FestivalCellHeader.m; sourceTree = "<group>"; };
		08C48E3D1C75AEF200A53712 /* FestivalCellHeader.xib */ = {isa = PBXFileReference; fileEncoding = 4; lastKnownFileType = file.xib; path = FestivalCellHeader.xib; sourceTree = "<group>"; };
		08EBAFFC1C771DD60099979A /* ProfileDetailCell.xib */ = {isa = PBXFileReference; fileEncoding = 4; lastKnownFileType = file.xib; path = ProfileDetailCell.xib; sourceTree = "<group>"; };
		08EBAFFE1C771E0B0099979A /* ProfileDetailCell.h */ = {isa = PBXFileReference; fileEncoding = 4; lastKnownFileType = sourcecode.c.h; path = ProfileDetailCell.h; sourceTree = "<group>"; };
		08EBAFFF1C771E0B0099979A /* ProfileDetailCell.m */ = {isa = PBXFileReference; fileEncoding = 4; lastKnownFileType = sourcecode.c.objc; path = ProfileDetailCell.m; sourceTree = "<group>"; };
		08F240111C75FFD900D54B10 /* ALAlertBanner.h */ = {isa = PBXFileReference; fileEncoding = 4; lastKnownFileType = sourcecode.c.h; name = ALAlertBanner.h; path = ../../ALAlertBanner/ALAlertBanner.h; sourceTree = "<group>"; };
		08F240121C75FFD900D54B10 /* ALAlertBanner.m */ = {isa = PBXFileReference; fileEncoding = 4; lastKnownFileType = sourcecode.c.objc; name = ALAlertBanner.m; path = ../../ALAlertBanner/ALAlertBanner.m; sourceTree = "<group>"; };
		08F240131C75FFD900D54B10 /* ALAlertBanner+Private.h */ = {isa = PBXFileReference; fileEncoding = 4; lastKnownFileType = sourcecode.c.h; name = "ALAlertBanner+Private.h"; path = "../../ALAlertBanner/ALAlertBanner+Private.h"; sourceTree = "<group>"; };
		08F240141C75FFD900D54B10 /* ALAlertBannerManager.h */ = {isa = PBXFileReference; fileEncoding = 4; lastKnownFileType = sourcecode.c.h; name = ALAlertBannerManager.h; path = ../../ALAlertBanner/ALAlertBannerManager.h; sourceTree = "<group>"; };
		08F240151C75FFD900D54B10 /* ALAlertBannerManager.m */ = {isa = PBXFileReference; fileEncoding = 4; lastKnownFileType = sourcecode.c.objc; name = ALAlertBannerManager.m; path = ../../ALAlertBanner/ALAlertBannerManager.m; sourceTree = "<group>"; };
		08F240161C75FFD900D54B10 /* Images */ = {isa = PBXFileReference; lastKnownFileType = folder; name = Images; path = ../../ALAlertBanner/Images; sourceTree = "<group>"; };
		08F6F7DB1C747860005BC870 /* Animation.h */ = {isa = PBXFileReference; fileEncoding = 4; lastKnownFileType = sourcecode.c.h; path = Animation.h; sourceTree = "<group>"; };
		08F6F7DC1C747860005BC870 /* Animation.m */ = {isa = PBXFileReference; fileEncoding = 4; lastKnownFileType = sourcecode.c.objc; path = Animation.m; sourceTree = "<group>"; };
		08F6F7DE1C74787C005BC870 /* Credentials.h */ = {isa = PBXFileReference; fileEncoding = 4; lastKnownFileType = sourcecode.c.h; path = Credentials.h; sourceTree = "<group>"; };
		08F6F7DF1C74787C005BC870 /* Credentials.m */ = {isa = PBXFileReference; fileEncoding = 4; lastKnownFileType = sourcecode.c.objc; path = Credentials.m; sourceTree = "<group>"; };
		08F6F7E11C74788F005BC870 /* FestivalData.h */ = {isa = PBXFileReference; fileEncoding = 4; lastKnownFileType = sourcecode.c.h; path = FestivalData.h; sourceTree = "<group>"; };
		08F6F7E21C74788F005BC870 /* FestivalData.m */ = {isa = PBXFileReference; fileEncoding = 4; lastKnownFileType = sourcecode.c.objc; path = FestivalData.m; sourceTree = "<group>"; };
		08F6F7E41C7478A3005BC870 /* Helper.h */ = {isa = PBXFileReference; fileEncoding = 4; lastKnownFileType = sourcecode.c.h; path = Helper.h; sourceTree = "<group>"; };
		08F6F7E51C7478A3005BC870 /* Helper.m */ = {isa = PBXFileReference; fileEncoding = 4; lastKnownFileType = sourcecode.c.objc; path = Helper.m; sourceTree = "<group>"; };
		08F6F7E71C7478ED005BC870 /* SWRevealViewController.h */ = {isa = PBXFileReference; fileEncoding = 4; lastKnownFileType = sourcecode.c.h; path = SWRevealViewController.h; sourceTree = "<group>"; };
		08F6F7E81C7478ED005BC870 /* SWRevealViewController.m */ = {isa = PBXFileReference; fileEncoding = 4; lastKnownFileType = sourcecode.c.objc; path = SWRevealViewController.m; sourceTree = "<group>"; };
		08F6F7EA1C747903005BC870 /* WebService.h */ = {isa = PBXFileReference; fileEncoding = 4; lastKnownFileType = sourcecode.c.h; path = WebService.h; sourceTree = "<group>"; };
		08F6F7EB1C747903005BC870 /* WebService.m */ = {isa = PBXFileReference; fileEncoding = 4; lastKnownFileType = sourcecode.c.objc; path = WebService.m; sourceTree = "<group>"; };
		08F6F7ED1C747974005BC870 /* MenuCell.h */ = {isa = PBXFileReference; fileEncoding = 4; lastKnownFileType = sourcecode.c.h; path = MenuCell.h; sourceTree = "<group>"; };
		08F6F7EE1C747974005BC870 /* MenuCell.m */ = {isa = PBXFileReference; fileEncoding = 4; lastKnownFileType = sourcecode.c.objc; path = MenuCell.m; sourceTree = "<group>"; };
		08F6F8201C748AC1005BC870 /* BaseMenuCell.h */ = {isa = PBXFileReference; fileEncoding = 4; lastKnownFileType = sourcecode.c.h; path = BaseMenuCell.h; sourceTree = "<group>"; };
		08F6F8211C748AC1005BC870 /* BaseMenuCell.m */ = {isa = PBXFileReference; fileEncoding = 4; lastKnownFileType = sourcecode.c.objc; path = BaseMenuCell.m; sourceTree = "<group>"; };
		08F6F8231C748AD0005BC870 /* BaseModal.h */ = {isa = PBXFileReference; fileEncoding = 4; lastKnownFileType = sourcecode.c.h; path = BaseModal.h; sourceTree = "<group>"; };
		08F6F8241C748AD0005BC870 /* BaseModal.m */ = {isa = PBXFileReference; fileEncoding = 4; lastKnownFileType = sourcecode.c.objc; path = BaseModal.m; sourceTree = "<group>"; };
		08F6F8261C748AE1005BC870 /* CustomUILabel.h */ = {isa = PBXFileReference; fileEncoding = 4; lastKnownFileType = sourcecode.c.h; path = CustomUILabel.h; sourceTree = "<group>"; };
		08F6F8271C748AE1005BC870 /* CustomUILabel.m */ = {isa = PBXFileReference; fileEncoding = 4; lastKnownFileType = sourcecode.c.objc; path = CustomUILabel.m; sourceTree = "<group>"; };
		08F6F8291C748AF9005BC870 /* FestivalCell.h */ = {isa = PBXFileReference; fileEncoding = 4; lastKnownFileType = sourcecode.c.h; path = FestivalCell.h; sourceTree = "<group>"; };
		08F6F82A1C748AF9005BC870 /* FestivalCell.m */ = {isa = PBXFileReference; fileEncoding = 4; lastKnownFileType = sourcecode.c.objc; path = FestivalCell.m; sourceTree = "<group>"; };
		08F6F82B1C748AF9005BC870 /* FestivalCell.xib */ = {isa = PBXFileReference; fileEncoding = 4; lastKnownFileType = file.xib; path = FestivalCell.xib; sourceTree = "<group>"; };
		08F6F82E1C748B0F005BC870 /* FestivalsViewController.h */ = {isa = PBXFileReference; fileEncoding = 4; lastKnownFileType = sourcecode.c.h; path = FestivalsViewController.h; sourceTree = "<group>"; };
		08F6F82F1C748B0F005BC870 /* FestivalsViewController.m */ = {isa = PBXFileReference; fileEncoding = 4; lastKnownFileType = sourcecode.c.objc; path = FestivalsViewController.m; sourceTree = "<group>"; };
		08F6F8311C748B1D005BC870 /* FilterViewController.h */ = {isa = PBXFileReference; fileEncoding = 4; lastKnownFileType = sourcecode.c.h; path = FilterViewController.h; sourceTree = "<group>"; };
		08F6F8321C748B1D005BC870 /* FilterViewController.m */ = {isa = PBXFileReference; fileEncoding = 4; lastKnownFileType = sourcecode.c.objc; path = FilterViewController.m; sourceTree = "<group>"; };
		08F6F8341C748B3D005BC870 /* HeaderMenuCell.h */ = {isa = PBXFileReference; fileEncoding = 4; lastKnownFileType = sourcecode.c.h; path = HeaderMenuCell.h; sourceTree = "<group>"; };
		08F6F8351C748B3D005BC870 /* HeaderMenuCell.m */ = {isa = PBXFileReference; fileEncoding = 4; lastKnownFileType = sourcecode.c.objc; path = HeaderMenuCell.m; sourceTree = "<group>"; };
		08F6F8371C748B61005BC870 /* ModalView.h */ = {isa = PBXFileReference; fileEncoding = 4; lastKnownFileType = sourcecode.c.h; path = ModalView.h; sourceTree = "<group>"; };
		08F6F8381C748B61005BC870 /* ModalView.m */ = {isa = PBXFileReference; fileEncoding = 4; lastKnownFileType = sourcecode.c.objc; path = ModalView.m; sourceTree = "<group>"; };
		08F6F83A1C748B9E005BC870 /* NSString+NSStringAdditions.h */ = {isa = PBXFileReference; fileEncoding = 4; lastKnownFileType = sourcecode.c.h; path = "NSString+NSStringAdditions.h"; sourceTree = "<group>"; };
		08F6F83B1C748B9E005BC870 /* NSString+NSStringAdditions.m */ = {isa = PBXFileReference; fileEncoding = 4; lastKnownFileType = sourcecode.c.objc; path = "NSString+NSStringAdditions.m"; sourceTree = "<group>"; };
		08F6F83D1C748BBC005BC870 /* RegularMenuCell.h */ = {isa = PBXFileReference; fileEncoding = 4; lastKnownFileType = sourcecode.c.h; path = RegularMenuCell.h; sourceTree = "<group>"; };
		08F6F83E1C748BBC005BC870 /* RegularMenuCell.m */ = {isa = PBXFileReference; fileEncoding = 4; lastKnownFileType = sourcecode.c.objc; path = RegularMenuCell.m; sourceTree = "<group>"; };
		08F6F8401C748BE1005BC870 /* WebViewController.h */ = {isa = PBXFileReference; fileEncoding = 4; lastKnownFileType = sourcecode.c.h; path = WebViewController.h; sourceTree = "<group>"; };
		08F6F8411C748BE1005BC870 /* WebViewController.m */ = {isa = PBXFileReference; fileEncoding = 4; lastKnownFileType = sourcecode.c.objc; path = WebViewController.m; sourceTree = "<group>"; };
		08F6F8431C748C18005BC870 /* ShareModalView.h */ = {isa = PBXFileReference; fileEncoding = 4; lastKnownFileType = sourcecode.c.h; path = ShareModalView.h; sourceTree = "<group>"; };
		08F6F8441C748C18005BC870 /* ShareModalView.m */ = {isa = PBXFileReference; fileEncoding = 4; lastKnownFileType = sourcecode.c.objc; path = ShareModalView.m; sourceTree = "<group>"; };
		08F6F8461C748DC6005BC870 /* PrefixHeader.pch */ = {isa = PBXFileReference; lastKnownFileType = sourcecode.c.h; path = PrefixHeader.pch; sourceTree = "<group>"; };
		08F6F8471C748F70005BC870 /* CustomUIView.h */ = {isa = PBXFileReference; fileEncoding = 4; lastKnownFileType = sourcecode.c.h; path = CustomUIView.h; sourceTree = "<group>"; };
		08F6F8481C748F70005BC870 /* CustomUIView.m */ = {isa = PBXFileReference; fileEncoding = 4; lastKnownFileType = sourcecode.c.objc; path = CustomUIView.m; sourceTree = "<group>"; };
		08F6F84D1C7491CE005BC870 /* FBSDKCoreKit.framework */ = {isa = PBXFileReference; lastKnownFileType = wrapper.framework; name = FBSDKCoreKit.framework; path = "../Pods/FacebookSDKs-iOS-20160210/FBSDKCoreKit.framework"; sourceTree = "<group>"; };
		08F6F84F1C7491DB005BC870 /* FBSDKShareKit.framework */ = {isa = PBXFileReference; lastKnownFileType = wrapper.framework; name = FBSDKShareKit.framework; path = "../Pods/FacebookSDKs-iOS-20160210/FBSDKShareKit.framework"; sourceTree = "<group>"; };
		08F6F8731C749BFB005BC870 /* MenuItem.h */ = {isa = PBXFileReference; fileEncoding = 4; lastKnownFileType = sourcecode.c.h; path = MenuItem.h; sourceTree = "<group>"; };
		08F6F8741C749BFB005BC870 /* MenuItem.m */ = {isa = PBXFileReference; fileEncoding = 4; lastKnownFileType = sourcecode.c.objc; path = MenuItem.m; sourceTree = "<group>"; };
		08F6F8761C749C43005BC870 /* MenuTableViewController.h */ = {isa = PBXFileReference; fileEncoding = 4; lastKnownFileType = sourcecode.c.h; path = MenuTableViewController.h; sourceTree = "<group>"; };
		08F6F8771C749C43005BC870 /* MenuTableViewController.m */ = {isa = PBXFileReference; fileEncoding = 4; lastKnownFileType = sourcecode.c.objc; path = MenuTableViewController.m; sourceTree = "<group>"; };
		08F8536C1C7588A000E66966 /* AppConst.m */ = {isa = PBXFileReference; fileEncoding = 4; lastKnownFileType = sourcecode.c.objc; path = AppConst.m; sourceTree = "<group>"; };
		08F8536E1C7588A700E66966 /* AppConst.h */ = {isa = PBXFileReference; lastKnownFileType = sourcecode.c.h; path = AppConst.h; sourceTree = "<group>"; };
		4997FEDD598FF57D2CDF3495 /* libPods-newco-festivals.a */ = {isa = PBXFileReference; explicitFileType = archive.ar; includeInIndex = 0; path = "libPods-newco-festivals.a"; sourceTree = BUILT_PRODUCTS_DIR; };
		9212EB3B1C61499F00D17504 /* colors.h */ = {isa = PBXFileReference; fileEncoding = 4; lastKnownFileType = sourcecode.c.h; path = colors.h; sourceTree = "<group>"; };
		9212EB3C1C61499F00D17504 /* colors.m */ = {isa = PBXFileReference; fileEncoding = 4; lastKnownFileType = sourcecode.c.objc; path = colors.m; sourceTree = "<group>"; };
		9212EB3E1C6149A800D17504 /* constants.h */ = {isa = PBXFileReference; lastKnownFileType = sourcecode.c.h; path = constants.h; sourceTree = "<group>"; };
		921659591C58CC9E006239D6 /* session.h */ = {isa = PBXFileReference; fileEncoding = 4; lastKnownFileType = sourcecode.c.h; path = session.h; sourceTree = "<group>"; };
		9216595A1C58CC9E006239D6 /* session.m */ = {isa = PBXFileReference; fileEncoding = 4; lastKnownFileType = sourcecode.c.objc; path = session.m; sourceTree = "<group>"; };
		923D14921C6B05A400629F78 /* SessionCellHeader.h */ = {isa = PBXFileReference; fileEncoding = 4; lastKnownFileType = sourcecode.c.h; path = SessionCellHeader.h; sourceTree = "<group>"; };
		923D14931C6B05A400629F78 /* SessionCellHeader.m */ = {isa = PBXFileReference; fileEncoding = 4; lastKnownFileType = sourcecode.c.objc; path = SessionCellHeader.m; sourceTree = "<group>"; };
		923D14951C6B08AE00629F78 /* SessionDetailViewController.h */ = {isa = PBXFileReference; fileEncoding = 4; lastKnownFileType = sourcecode.c.h; path = SessionDetailViewController.h; sourceTree = "<group>"; };
		923D14961C6B08AE00629F78 /* SessionDetailViewController.m */ = {isa = PBXFileReference; fileEncoding = 4; lastKnownFileType = sourcecode.c.objc; path = SessionDetailViewController.m; sourceTree = "<group>"; };
		92470CFD1C389081003E6F7E /* newco-festivals.app */ = {isa = PBXFileReference; explicitFileType = wrapper.application; includeInIndex = 0; path = "newco-festivals.app"; sourceTree = BUILT_PRODUCTS_DIR; };
		92470D011C389081003E6F7E /* main.m */ = {isa = PBXFileReference; lastKnownFileType = sourcecode.c.objc; path = main.m; sourceTree = "<group>"; };
		92470D031C389081003E6F7E /* AppDelegate.h */ = {isa = PBXFileReference; lastKnownFileType = sourcecode.c.h; path = AppDelegate.h; sourceTree = "<group>"; };
		92470D041C389081003E6F7E /* AppDelegate.m */ = {isa = PBXFileReference; lastKnownFileType = sourcecode.c.objc; path = AppDelegate.m; sourceTree = "<group>"; };
		92470D0A1C389081003E6F7E /* Base */ = {isa = PBXFileReference; lastKnownFileType = file.storyboard; name = Base; path = Base.lproj/Main.storyboard; sourceTree = "<group>"; };
		92470D0D1C389081003E6F7E /* newco_festivals.xcdatamodel */ = {isa = PBXFileReference; lastKnownFileType = wrapper.xcdatamodel; path = newco_festivals.xcdatamodel; sourceTree = "<group>"; };
		92470D0F1C389081003E6F7E /* Assets.xcassets */ = {isa = PBXFileReference; lastKnownFileType = folder.assetcatalog; path = Assets.xcassets; sourceTree = "<group>"; };
		92470D121C389081003E6F7E /* Base */ = {isa = PBXFileReference; lastKnownFileType = file.storyboard; name = Base; path = Base.lproj/LaunchScreen.storyboard; sourceTree = "<group>"; };
		92470D141C389081003E6F7E /* Info.plist */ = {isa = PBXFileReference; lastKnownFileType = text.plist.xml; path = Info.plist; sourceTree = "<group>"; };
		92470D191C389082003E6F7E /* newco-festivalsTests.xctest */ = {isa = PBXFileReference; explicitFileType = wrapper.cfbundle; includeInIndex = 0; path = "newco-festivalsTests.xctest"; sourceTree = BUILT_PRODUCTS_DIR; };
		92470D1D1C389082003E6F7E /* newco_festivalsTests.m */ = {isa = PBXFileReference; lastKnownFileType = sourcecode.c.objc; path = newco_festivalsTests.m; sourceTree = "<group>"; };
		92470D1F1C389082003E6F7E /* Info.plist */ = {isa = PBXFileReference; lastKnownFileType = text.plist.xml; path = Info.plist; sourceTree = "<group>"; };
		92470D241C389082003E6F7E /* newco-festivalsUITests.xctest */ = {isa = PBXFileReference; explicitFileType = wrapper.cfbundle; includeInIndex = 0; path = "newco-festivalsUITests.xctest"; sourceTree = BUILT_PRODUCTS_DIR; };
		92470D281C389082003E6F7E /* newco_festivalsUITests.m */ = {isa = PBXFileReference; lastKnownFileType = sourcecode.c.objc; path = newco_festivalsUITests.m; sourceTree = "<group>"; };
		92470D2A1C389082003E6F7E /* Info.plist */ = {isa = PBXFileReference; lastKnownFileType = text.plist.xml; path = Info.plist; sourceTree = "<group>"; };
		924ECB661C6134AC0093CAA1 /* SignInViewController.h */ = {isa = PBXFileReference; fileEncoding = 4; lastKnownFileType = sourcecode.c.h; path = SignInViewController.h; sourceTree = "<group>"; };
		924ECB671C6134AC0093CAA1 /* SignInViewController.m */ = {isa = PBXFileReference; fileEncoding = 4; lastKnownFileType = sourcecode.c.objc; path = SignInViewController.m; sourceTree = "<group>"; };
		924ECB691C6136440093CAA1 /* SessionCell.h */ = {isa = PBXFileReference; fileEncoding = 4; lastKnownFileType = sourcecode.c.h; path = SessionCell.h; sourceTree = "<group>"; };
		924ECB6A1C6136440093CAA1 /* SessionCell.m */ = {isa = PBXFileReference; fileEncoding = 4; lastKnownFileType = sourcecode.c.objc; path = SessionCell.m; sourceTree = "<group>"; };
		924ECB721C613B0C0093CAA1 /* ApplicationViewController.h */ = {isa = PBXFileReference; fileEncoding = 4; lastKnownFileType = sourcecode.c.h; path = ApplicationViewController.h; sourceTree = "<group>"; };
		924ECB731C613B0C0093CAA1 /* ApplicationViewController.m */ = {isa = PBXFileReference; fileEncoding = 4; lastKnownFileType = sourcecode.c.objc; path = ApplicationViewController.m; sourceTree = "<group>"; };
		92880C321C6D472100315DF0 /* SessionCellHeader.xib */ = {isa = PBXFileReference; fileEncoding = 4; lastKnownFileType = file.xib; path = SessionCellHeader.xib; sourceTree = "<group>"; };
		92880C341C6D472A00315DF0 /* SessionCell.xib */ = {isa = PBXFileReference; fileEncoding = 4; lastKnownFileType = file.xib; path = SessionCell.xib; sourceTree = "<group>"; };
		92880C3B1C6D49C900315DF0 /* ProfileViewController.h */ = {isa = PBXFileReference; fileEncoding = 4; lastKnownFileType = sourcecode.c.h; path = ProfileViewController.h; sourceTree = "<group>"; };
		92880C3C1C6D49C900315DF0 /* ProfileViewController.m */ = {isa = PBXFileReference; fileEncoding = 4; lastKnownFileType = sourcecode.c.objc; path = ProfileViewController.m; sourceTree = "<group>"; };
		9291071F1C6C4740004B517C /* UserInitial.h */ = {isa = PBXFileReference; fileEncoding = 4; lastKnownFileType = sourcecode.c.h; path = UserInitial.h; sourceTree = "<group>"; };
		929107201C6C4740004B517C /* UserInitial.m */ = {isa = PBXFileReference; fileEncoding = 4; lastKnownFileType = sourcecode.c.objc; path = UserInitial.m; sourceTree = "<group>"; };
		929107221C6C4777004B517C /* UserInitial.xib */ = {isa = PBXFileReference; fileEncoding = 4; lastKnownFileType = file.xib; path = UserInitial.xib; sourceTree = "<group>"; };
		929107241C6C4FF4004B517C /* User.h */ = {isa = PBXFileReference; fileEncoding = 4; lastKnownFileType = sourcecode.c.h; path = User.h; sourceTree = "<group>"; };
		929107251C6C4FF4004B517C /* User.m */ = {isa = PBXFileReference; fileEncoding = 4; lastKnownFileType = sourcecode.c.objc; path = User.m; sourceTree = "<group>"; };
		929107271C6C50BB004B517C /* ScheduleViewController.h */ = {isa = PBXFileReference; fileEncoding = 4; lastKnownFileType = sourcecode.c.h; path = ScheduleViewController.h; sourceTree = "<group>"; };
		929107281C6C50BB004B517C /* ScheduleViewController.m */ = {isa = PBXFileReference; fileEncoding = 4; lastKnownFileType = sourcecode.c.objc; path = ScheduleViewController.m; sourceTree = "<group>"; };
		9291072A1C6C51DC004B517C /* ProfileCell.h */ = {isa = PBXFileReference; fileEncoding = 4; lastKnownFileType = sourcecode.c.h; path = ProfileCell.h; sourceTree = "<group>"; };
		9291072B1C6C51DC004B517C /* ProfileCell.m */ = {isa = PBXFileReference; fileEncoding = 4; lastKnownFileType = sourcecode.c.objc; path = ProfileCell.m; sourceTree = "<group>"; };
		9291072D1C6C5268004B517C /* ProfileTableViewController.h */ = {isa = PBXFileReference; fileEncoding = 4; lastKnownFileType = sourcecode.c.h; path = ProfileTableViewController.h; sourceTree = "<group>"; };
		9291072E1C6C5268004B517C /* ProfileTableViewController.m */ = {isa = PBXFileReference; fileEncoding = 4; lastKnownFileType = sourcecode.c.objc; path = ProfileTableViewController.m; sourceTree = "<group>"; };
		929107301C6C52E3004B517C /* RootViewController.h */ = {isa = PBXFileReference; fileEncoding = 4; lastKnownFileType = sourcecode.c.h; path = RootViewController.h; sourceTree = "<group>"; };
		929107311C6C52E3004B517C /* RootViewController.m */ = {isa = PBXFileReference; fileEncoding = 4; lastKnownFileType = sourcecode.c.objc; path = RootViewController.m; sourceTree = "<group>"; };
		929107331C6C532D004B517C /* DirectoryViewController.h */ = {isa = PBXFileReference; fileEncoding = 4; lastKnownFileType = sourcecode.c.h; path = DirectoryViewController.h; sourceTree = "<group>"; };
		929107341C6C532D004B517C /* DirectoryViewController.m */ = {isa = PBXFileReference; fileEncoding = 4; lastKnownFileType = sourcecode.c.objc; path = DirectoryViewController.m; sourceTree = "<group>"; };
		929107361C6C5A4E004B517C /* UserImage.h */ = {isa = PBXFileReference; fileEncoding = 4; lastKnownFileType = sourcecode.c.h; path = UserImage.h; sourceTree = "<group>"; };
		929107371C6C5A4E004B517C /* UserImage.m */ = {isa = PBXFileReference; fileEncoding = 4; lastKnownFileType = sourcecode.c.objc; path = UserImage.m; sourceTree = "<group>"; };
		929107391C6C5A5A004B517C /* UserImage.xib */ = {isa = PBXFileReference; fileEncoding = 4; lastKnownFileType = file.xib; path = UserImage.xib; sourceTree = "<group>"; };
		C6BE9EEA39E8146406331267 /* Pods-newco-festivals.release.xcconfig */ = {isa = PBXFileReference; includeInIndex = 1; lastKnownFileType = text.xcconfig; name = "Pods-newco-festivals.release.xcconfig"; path = "Pods/Target Support Files/Pods-newco-festivals/Pods-newco-festivals.release.xcconfig"; sourceTree = "<group>"; };
		D68E18AACEFFC5496CB930E2 /* Pods-newco-festivals.debug.xcconfig */ = {isa = PBXFileReference; includeInIndex = 1; lastKnownFileType = text.xcconfig; name = "Pods-newco-festivals.debug.xcconfig"; path = "Pods/Target Support Files/Pods-newco-festivals/Pods-newco-festivals.debug.xcconfig"; sourceTree = "<group>"; };
/* End PBXFileReference section */

/* Begin PBXFrameworksBuildPhase section */
		92470CFA1C389081003E6F7E /* Frameworks */ = {
			isa = PBXFrameworksBuildPhase;
			buildActionMask = 2147483647;
			files = (
				08F6F8501C7491DB005BC870 /* FBSDKShareKit.framework in Frameworks */,
				08F6F84E1C7491CE005BC870 /* FBSDKCoreKit.framework in Frameworks */,
				7DE8288268CF6CEF49B779B7 /* libPods-newco-festivals.a in Frameworks */,
			);
			runOnlyForDeploymentPostprocessing = 0;
		};
		92470D161C389082003E6F7E /* Frameworks */ = {
			isa = PBXFrameworksBuildPhase;
			buildActionMask = 2147483647;
			files = (
			);
			runOnlyForDeploymentPostprocessing = 0;
		};
		92470D211C389082003E6F7E /* Frameworks */ = {
			isa = PBXFrameworksBuildPhase;
			buildActionMask = 2147483647;
			files = (
			);
			runOnlyForDeploymentPostprocessing = 0;
		};
/* End PBXFrameworksBuildPhase section */

/* Begin PBXGroup section */
		083505C31C830C2500826D63 /* MenuTable */ = {
			isa = PBXGroup;
			children = (
				08F6F8761C749C43005BC870 /* MenuTableViewController.h */,
				08F6F8771C749C43005BC870 /* MenuTableViewController.m */,
			);
			name = MenuTable;
			sourceTree = "<group>";
		};
		083505C41C830C3100826D63 /* WebView */ = {
			isa = PBXGroup;
			children = (
				08F6F8401C748BE1005BC870 /* WebViewController.h */,
				08F6F8411C748BE1005BC870 /* WebViewController.m */,
			);
			name = WebView;
			sourceTree = "<group>";
		};
		083505C51C830C3900826D63 /* Festivals */ = {
			isa = PBXGroup;
			children = (
				08F6F82E1C748B0F005BC870 /* FestivalsViewController.h */,
				08F6F82F1C748B0F005BC870 /* FestivalsViewController.m */,
			);
			name = Festivals;
			sourceTree = "<group>";
		};
		083505C61C830C4400826D63 /* Filter */ = {
			isa = PBXGroup;
			children = (
				08F6F8311C748B1D005BC870 /* FilterViewController.h */,
				08F6F8321C748B1D005BC870 /* FilterViewController.m */,
			);
			name = Filter;
			sourceTree = "<group>";
		};
		083505C71C830C4B00826D63 /* Application */ = {
			isa = PBXGroup;
			children = (
				924ECB721C613B0C0093CAA1 /* ApplicationViewController.h */,
				924ECB731C613B0C0093CAA1 /* ApplicationViewController.m */,
			);
			name = Application;
			sourceTree = "<group>";
		};
		083505C81C830C5200826D63 /* SignIn */ = {
			isa = PBXGroup;
			children = (
				924ECB661C6134AC0093CAA1 /* SignInViewController.h */,
				924ECB671C6134AC0093CAA1 /* SignInViewController.m */,
			);
			name = SignIn;
			sourceTree = "<group>";
		};
		083505C91C830C5900826D63 /* SessionDetail */ = {
			isa = PBXGroup;
			children = (
				923D14951C6B08AE00629F78 /* SessionDetailViewController.h */,
				923D14961C6B08AE00629F78 /* SessionDetailViewController.m */,
			);
			name = SessionDetail;
			sourceTree = "<group>";
		};
		083505CA1C830C6500826D63 /* Schedule */ = {
			isa = PBXGroup;
			children = (
				929107271C6C50BB004B517C /* ScheduleViewController.h */,
				929107281C6C50BB004B517C /* ScheduleViewController.m */,
			);
			name = Schedule;
			sourceTree = "<group>";
		};
		083505CB1C830C6F00826D63 /* ProfileTable */ = {
			isa = PBXGroup;
			children = (
				9291072D1C6C5268004B517C /* ProfileTableViewController.h */,
				9291072E1C6C5268004B517C /* ProfileTableViewController.m */,
			);
			name = ProfileTable;
			sourceTree = "<group>";
		};
		083505CC1C830C7600826D63 /* Root */ = {
			isa = PBXGroup;
			children = (
				929107301C6C52E3004B517C /* RootViewController.h */,
				929107311C6C52E3004B517C /* RootViewController.m */,
			);
			name = Root;
			sourceTree = "<group>";
		};
		083505CD1C830C7B00826D63 /* Directory */ = {
			isa = PBXGroup;
			children = (
				929107331C6C532D004B517C /* DirectoryViewController.h */,
				929107341C6C532D004B517C /* DirectoryViewController.m */,
			);
			name = Directory;
			sourceTree = "<group>";
		};
		083505CE1C830C8100826D63 /* Profile */ = {
			isa = PBXGroup;
			children = (
				92880C3B1C6D49C900315DF0 /* ProfileViewController.h */,
				92880C3C1C6D49C900315DF0 /* ProfileViewController.m */,
			);
			name = Profile;
			sourceTree = "<group>";
		};
		083505CF1C830C8600826D63 /* EditProfile */ = {
			isa = PBXGroup;
			children = (
				083505D01C830C9B00826D63 /* EditProfileViewController.h */,
				083505D11C830C9B00826D63 /* EditProfileViewController.m */,
			);
			name = EditProfile;
			sourceTree = "<group>";
		};
		08F2400E1C75FFAC00D54B10 /* ALAlertBAnner */ = {
			isa = PBXGroup;
			children = (
				08F240111C75FFD900D54B10 /* ALAlertBanner.h */,
				08F240121C75FFD900D54B10 /* ALAlertBanner.m */,
				08F240131C75FFD900D54B10 /* ALAlertBanner+Private.h */,
				08F240141C75FFD900D54B10 /* ALAlertBannerManager.h */,
				08F240151C75FFD900D54B10 /* ALAlertBannerManager.m */,
				08F240161C75FFD900D54B10 /* Images */,
			);
			name = ALAlertBAnner;
			sourceTree = "<group>";
		};
		08F6F8511C7493F1005BC870 /* Helpers */ = {
			isa = PBXGroup;
			children = (
				08F6F8561C74940F005BC870 /* WebService */,
				08F6F8551C74940B005BC870 /* Data */,
				08F6F8541C749406005BC870 /* Animation */,
				08F6F8531C749401005BC870 /* Misc */,
				08F6F8521C7493F7005BC870 /* Categories */,
			);
			name = Helpers;
			sourceTree = "<group>";
		};
		08F6F8521C7493F7005BC870 /* Categories */ = {
			isa = PBXGroup;
			children = (
				08F6F83A1C748B9E005BC870 /* NSString+NSStringAdditions.h */,
				08F6F83B1C748B9E005BC870 /* NSString+NSStringAdditions.m */,
			);
			name = Categories;
			sourceTree = "<group>";
		};
		08F6F8531C749401005BC870 /* Misc */ = {
			isa = PBXGroup;
			children = (
				08F6F7E41C7478A3005BC870 /* Helper.h */,
				08F6F7E51C7478A3005BC870 /* Helper.m */,
			);
			name = Misc;
			sourceTree = "<group>";
		};
		08F6F8541C749406005BC870 /* Animation */ = {
			isa = PBXGroup;
			children = (
				08F6F7DB1C747860005BC870 /* Animation.h */,
				08F6F7DC1C747860005BC870 /* Animation.m */,
			);
			name = Animation;
			sourceTree = "<group>";
		};
		08F6F8551C74940B005BC870 /* Data */ = {
			isa = PBXGroup;
			children = (
				08F6F7DE1C74787C005BC870 /* Credentials.h */,
				08F6F7DF1C74787C005BC870 /* Credentials.m */,
				08F6F7E11C74788F005BC870 /* FestivalData.h */,
				08F6F7E21C74788F005BC870 /* FestivalData.m */,
			);
			name = Data;
			sourceTree = "<group>";
		};
		08F6F8561C74940F005BC870 /* WebService */ = {
			isa = PBXGroup;
			children = (
				08F6F7EA1C747903005BC870 /* WebService.h */,
				08F6F7EB1C747903005BC870 /* WebService.m */,
			);
			name = WebService;
			sourceTree = "<group>";
		};
		08F6F8571C74941B005BC870 /* StoryBoards */ = {
			isa = PBXGroup;
			children = (
				92470D111C389081003E6F7E /* LaunchScreen.storyboard */,
				92470D091C389081003E6F7E /* Main.storyboard */,
			);
			name = StoryBoards;
			sourceTree = "<group>";
		};
		08F6F8591C74943A005BC870 /* Views */ = {
			isa = PBXGroup;
			children = (
				08F6F85F1C74958C005BC870 /* Custom */,
				08F6F85E1C749567005BC870 /* Modals */,
				929107361C6C5A4E004B517C /* UserImage.h */,
				929107371C6C5A4E004B517C /* UserImage.m */,
				929107391C6C5A5A004B517C /* UserImage.xib */,
				9291071F1C6C4740004B517C /* UserInitial.h */,
				929107201C6C4740004B517C /* UserInitial.m */,
				929107221C6C4777004B517C /* UserInitial.xib */,
			);
			name = Views;
			sourceTree = "<group>";
		};
		08F6F85A1C74943E005BC870 /* Models */ = {
			isa = PBXGroup;
			children = (
				08F6F8731C749BFB005BC870 /* MenuItem.h */,
				08F6F8741C749BFB005BC870 /* MenuItem.m */,
				929107241C6C4FF4004B517C /* User.h */,
				929107251C6C4FF4004B517C /* User.m */,
				921659591C58CC9E006239D6 /* session.h */,
				9216595A1C58CC9E006239D6 /* session.m */,
			);
			name = Models;
			sourceTree = "<group>";
		};
		08F6F85B1C749446005BC870 /* App */ = {
			isa = PBXGroup;
			children = (
				92470D031C389081003E6F7E /* AppDelegate.h */,
				92470D041C389081003E6F7E /* AppDelegate.m */,
			);
			name = App;
			sourceTree = "<group>";
		};
		08F6F85C1C74944B005BC870 /* Controllers */ = {
			isa = PBXGroup;
			children = (
				083505CF1C830C8600826D63 /* EditProfile */,
				083505C31C830C2500826D63 /* MenuTable */,
				083505C41C830C3100826D63 /* WebView */,
				083505C51C830C3900826D63 /* Festivals */,
				083505C61C830C4400826D63 /* Filter */,
				083505C71C830C4B00826D63 /* Application */,
				083505C81C830C5200826D63 /* SignIn */,
				083505C91C830C5900826D63 /* SessionDetail */,
				083505CA1C830C6500826D63 /* Schedule */,
				083505CB1C830C6F00826D63 /* ProfileTable */,
				083505CC1C830C7600826D63 /* Root */,
				083505CD1C830C7B00826D63 /* Directory */,
				083505CE1C830C8100826D63 /* Profile */,
			);
			name = Controllers;
			sourceTree = "<group>";
		};
		08F6F85D1C749457005BC870 /* Cells */ = {
			isa = PBXGroup;
			children = (
				08F6F83D1C748BBC005BC870 /* RegularMenuCell.h */,
				08F6F83E1C748BBC005BC870 /* RegularMenuCell.m */,
				08F6F8341C748B3D005BC870 /* HeaderMenuCell.h */,
				08F6F8351C748B3D005BC870 /* HeaderMenuCell.m */,
				08F6F8291C748AF9005BC870 /* FestivalCell.h */,
				08F6F82A1C748AF9005BC870 /* FestivalCell.m */,
				08F6F82B1C748AF9005BC870 /* FestivalCell.xib */,
				08F6F7ED1C747974005BC870 /* MenuCell.h */,
				08F6F7EE1C747974005BC870 /* MenuCell.m */,
				08F6F8201C748AC1005BC870 /* BaseMenuCell.h */,
				08F6F8211C748AC1005BC870 /* BaseMenuCell.m */,
				9291072A1C6C51DC004B517C /* ProfileCell.h */,
				9291072B1C6C51DC004B517C /* ProfileCell.m */,
				923D14921C6B05A400629F78 /* SessionCellHeader.h */,
				923D14931C6B05A400629F78 /* SessionCellHeader.m */,
				924ECB691C6136440093CAA1 /* SessionCell.h */,
				924ECB6A1C6136440093CAA1 /* SessionCell.m */,
				92880C321C6D472100315DF0 /* SessionCellHeader.xib */,
				92880C341C6D472A00315DF0 /* SessionCell.xib */,
				08C48E3A1C75AEE100A53712 /* FestivalCellHeader.h */,
				08C48E3B1C75AEE100A53712 /* FestivalCellHeader.m */,
				08C48E3D1C75AEF200A53712 /* FestivalCellHeader.xib */,
				08EBAFFC1C771DD60099979A /* ProfileDetailCell.xib */,
				08EBAFFE1C771E0B0099979A /* ProfileDetailCell.h */,
				08EBAFFF1C771E0B0099979A /* ProfileDetailCell.m */,
			);
			name = Cells;
			sourceTree = "<group>";
		};
		08F6F85E1C749567005BC870 /* Modals */ = {
			isa = PBXGroup;
			children = (
				08F6F8431C748C18005BC870 /* ShareModalView.h */,
				08F6F8441C748C18005BC870 /* ShareModalView.m */,
				08F6F8371C748B61005BC870 /* ModalView.h */,
				08F6F8381C748B61005BC870 /* ModalView.m */,
				08F6F8231C748AD0005BC870 /* BaseModal.h */,
				08F6F8241C748AD0005BC870 /* BaseModal.m */,
				08A590441C805CAC00890E30 /* ConfirmationModalView.h */,
				08A590451C805CAC00890E30 /* ConfirmationModalView.m */,
			);
			name = Modals;
			sourceTree = "<group>";
		};
		08F6F85F1C74958C005BC870 /* Custom */ = {
			isa = PBXGroup;
			children = (
				08F6F8471C748F70005BC870 /* CustomUIView.h */,
				08F6F8481C748F70005BC870 /* CustomUIView.m */,
				08F6F8261C748AE1005BC870 /* CustomUILabel.h */,
				08F6F8271C748AE1005BC870 /* CustomUILabel.m */,
			);
			name = Custom;
			sourceTree = "<group>";
		};
		08F6F8601C74961A005BC870 /* Assets */ = {
			isa = PBXGroup;
			children = (
				08A590511C80697200890E30 /* proximanova-black-webfont.ttf */,
				08A590521C80697200890E30 /* proximanova-bold-webfont.ttf */,
				08A590531C80697200890E30 /* proximanova-light-webfont.ttf */,
				08A590541C80697200890E30 /* proximanova-reg-webfont.ttf */,
				08A590551C80697200890E30 /* proximanova-sbold-webfont.ttf */,
				92470D0F1C389081003E6F7E /* Assets.xcassets */,
			);
			name = Assets;
			sourceTree = "<group>";
		};
		08F6F8611C7496CA005BC870 /* SWReveal */ = {
			isa = PBXGroup;
			children = (
				08F6F7E71C7478ED005BC870 /* SWRevealViewController.h */,
				08F6F7E81C7478ED005BC870 /* SWRevealViewController.m */,
			);
			name = SWReveal;
			sourceTree = "<group>";
		};
		08F6F8621C7496DA005BC870 /* ImportedFrameworks */ = {
			isa = PBXGroup;
			children = (
				08F2400E1C75FFAC00D54B10 /* ALAlertBAnner */,
				08F6F8631C74970F005BC870 /* Facebook */,
				08F6F8611C7496CA005BC870 /* SWReveal */,
			);
			name = ImportedFrameworks;
			sourceTree = "<group>";
		};
		08F6F8631C74970F005BC870 /* Facebook */ = {
			isa = PBXGroup;
			children = (
				08F6F84F1C7491DB005BC870 /* FBSDKShareKit.framework */,
				08F6F84D1C7491CE005BC870 /* FBSDKCoreKit.framework */,
			);
			name = Facebook;
			sourceTree = "<group>";
		};
		92470CF41C389081003E6F7E = {
			isa = PBXGroup;
			children = (
				92470CFF1C389081003E6F7E /* newco-festivals */,
				92470D1C1C389082003E6F7E /* newco-festivalsTests */,
				92470D271C389082003E6F7E /* newco-festivalsUITests */,
				92470CFE1C389081003E6F7E /* Products */,
				E7CE2F00B86BDF8704A32578 /* Pods */,
				CFAA25233C1B4C1175BD2FA0 /* Frameworks */,
			);
			sourceTree = "<group>";
		};
		92470CFE1C389081003E6F7E /* Products */ = {
			isa = PBXGroup;
			children = (
				92470CFD1C389081003E6F7E /* newco-festivals.app */,
				92470D191C389082003E6F7E /* newco-festivalsTests.xctest */,
				92470D241C389082003E6F7E /* newco-festivalsUITests.xctest */,
			);
			name = Products;
			sourceTree = "<group>";
		};
		92470CFF1C389081003E6F7E /* newco-festivals */ = {
			isa = PBXGroup;
			children = (
				08F6F8621C7496DA005BC870 /* ImportedFrameworks */,
				08F6F8601C74961A005BC870 /* Assets */,
				08F6F85D1C749457005BC870 /* Cells */,
				08F6F85C1C74944B005BC870 /* Controllers */,
				08F6F85B1C749446005BC870 /* App */,
				08F6F85A1C74943E005BC870 /* Models */,
				08F6F8591C74943A005BC870 /* Views */,
				08F6F8571C74941B005BC870 /* StoryBoards */,
				08F6F8511C7493F1005BC870 /* Helpers */,
				92470D001C389081003E6F7E /* Supporting Files */,
			);
			path = "newco-festivals";
			sourceTree = "<group>";
		};
		92470D001C389081003E6F7E /* Supporting Files */ = {
			isa = PBXGroup;
			children = (
				92470D141C389081003E6F7E /* Info.plist */,
				08F6F8461C748DC6005BC870 /* PrefixHeader.pch */,
				9212EB3B1C61499F00D17504 /* colors.h */,
				9212EB3C1C61499F00D17504 /* colors.m */,
				92470D0C1C389081003E6F7E /* newco_festivals.xcdatamodeld */,
				9212EB3E1C6149A800D17504 /* constants.h */,
				92470D011C389081003E6F7E /* main.m */,
				08F8536C1C7588A000E66966 /* AppConst.m */,
				08F8536E1C7588A700E66966 /* AppConst.h */,
			);
			name = "Supporting Files";
			sourceTree = "<group>";
		};
		92470D1C1C389082003E6F7E /* newco-festivalsTests */ = {
			isa = PBXGroup;
			children = (
				92470D1D1C389082003E6F7E /* newco_festivalsTests.m */,
				92470D1F1C389082003E6F7E /* Info.plist */,
			);
			path = "newco-festivalsTests";
			sourceTree = "<group>";
		};
		92470D271C389082003E6F7E /* newco-festivalsUITests */ = {
			isa = PBXGroup;
			children = (
				92470D281C389082003E6F7E /* newco_festivalsUITests.m */,
				92470D2A1C389082003E6F7E /* Info.plist */,
			);
			path = "newco-festivalsUITests";
			sourceTree = "<group>";
		};
		CFAA25233C1B4C1175BD2FA0 /* Frameworks */ = {
			isa = PBXGroup;
			children = (
				4997FEDD598FF57D2CDF3495 /* libPods-newco-festivals.a */,
			);
			name = Frameworks;
			sourceTree = "<group>";
		};
		E7CE2F00B86BDF8704A32578 /* Pods */ = {
			isa = PBXGroup;
			children = (
				D68E18AACEFFC5496CB930E2 /* Pods-newco-festivals.debug.xcconfig */,
				C6BE9EEA39E8146406331267 /* Pods-newco-festivals.release.xcconfig */,
			);
			name = Pods;
			sourceTree = "<group>";
		};
/* End PBXGroup section */

/* Begin PBXNativeTarget section */
		92470CFC1C389081003E6F7E /* newco-festivals */ = {
			isa = PBXNativeTarget;
			buildConfigurationList = 92470D2D1C389082003E6F7E /* Build configuration list for PBXNativeTarget "newco-festivals" */;
			buildPhases = (
				E3E5AF6589E41DEC7C230BE1 /* Check Pods Manifest.lock */,
				92470CF91C389081003E6F7E /* Sources */,
				92470CFA1C389081003E6F7E /* Frameworks */,
				92470CFB1C389081003E6F7E /* Resources */,
				736B4466B1096EF1AAA9564F /* Embed Pods Frameworks */,
				281E2A824748FDCDF036FDE1 /* Copy Pods Resources */,
				08F2400D1C75EC1800D54B10 /* ShellScript */,
			);
			buildRules = (
			);
			dependencies = (
			);
			name = "newco-festivals";
			productName = "newco-festivals";
			productReference = 92470CFD1C389081003E6F7E /* newco-festivals.app */;
			productType = "com.apple.product-type.application";
		};
		92470D181C389082003E6F7E /* newco-festivalsTests */ = {
			isa = PBXNativeTarget;
			buildConfigurationList = 92470D301C389082003E6F7E /* Build configuration list for PBXNativeTarget "newco-festivalsTests" */;
			buildPhases = (
				92470D151C389082003E6F7E /* Sources */,
				92470D161C389082003E6F7E /* Frameworks */,
				92470D171C389082003E6F7E /* Resources */,
			);
			buildRules = (
			);
			dependencies = (
				92470D1B1C389082003E6F7E /* PBXTargetDependency */,
			);
			name = "newco-festivalsTests";
			productName = "newco-festivalsTests";
			productReference = 92470D191C389082003E6F7E /* newco-festivalsTests.xctest */;
			productType = "com.apple.product-type.bundle.unit-test";
		};
		92470D231C389082003E6F7E /* newco-festivalsUITests */ = {
			isa = PBXNativeTarget;
			buildConfigurationList = 92470D331C389082003E6F7E /* Build configuration list for PBXNativeTarget "newco-festivalsUITests" */;
			buildPhases = (
				92470D201C389082003E6F7E /* Sources */,
				92470D211C389082003E6F7E /* Frameworks */,
				92470D221C389082003E6F7E /* Resources */,
			);
			buildRules = (
			);
			dependencies = (
				92470D261C389082003E6F7E /* PBXTargetDependency */,
			);
			name = "newco-festivalsUITests";
			productName = "newco-festivalsUITests";
			productReference = 92470D241C389082003E6F7E /* newco-festivalsUITests.xctest */;
			productType = "com.apple.product-type.bundle.ui-testing";
		};
/* End PBXNativeTarget section */

/* Begin PBXProject section */
		92470CF51C389081003E6F7E /* Project object */ = {
			isa = PBXProject;
			attributes = {
				LastUpgradeCheck = 0720;
				ORGANIZATIONNAME = newco;
				TargetAttributes = {
					92470CFC1C389081003E6F7E = {
						CreatedOnToolsVersion = 7.2;
					};
					92470D181C389082003E6F7E = {
						CreatedOnToolsVersion = 7.2;
						TestTargetID = 92470CFC1C389081003E6F7E;
					};
					92470D231C389082003E6F7E = {
						CreatedOnToolsVersion = 7.2;
						TestTargetID = 92470CFC1C389081003E6F7E;
					};
				};
			};
			buildConfigurationList = 92470CF81C389081003E6F7E /* Build configuration list for PBXProject "newco-festivals" */;
			compatibilityVersion = "Xcode 3.2";
			developmentRegion = English;
			hasScannedForEncodings = 0;
			knownRegions = (
				en,
				Base,
			);
			mainGroup = 92470CF41C389081003E6F7E;
			productRefGroup = 92470CFE1C389081003E6F7E /* Products */;
			projectDirPath = "";
			projectRoot = "";
			targets = (
				92470CFC1C389081003E6F7E /* newco-festivals */,
				92470D181C389082003E6F7E /* newco-festivalsTests */,
				92470D231C389082003E6F7E /* newco-festivalsUITests */,
			);
		};
/* End PBXProject section */

/* Begin PBXResourcesBuildPhase section */
		92470CFB1C389081003E6F7E /* Resources */ = {
			isa = PBXResourcesBuildPhase;
			buildActionMask = 2147483647;
			files = (
				08A590561C80697200890E30 /* proximanova-black-webfont.ttf in Resources */,
				08A590571C80697200890E30 /* proximanova-bold-webfont.ttf in Resources */,
				08A590581C80697200890E30 /* proximanova-light-webfont.ttf in Resources */,
				08A590591C80697200890E30 /* proximanova-reg-webfont.ttf in Resources */,
				08A5905A1C80697200890E30 /* proximanova-sbold-webfont.ttf in Resources */,
				08F240191C75FFD900D54B10 /* Images in Resources */,
				92470D131C389081003E6F7E /* LaunchScreen.storyboard in Resources */,
				9291073A1C6C5A5A004B517C /* UserImage.xib in Resources */,
				929107231C6C4777004B517C /* UserInitial.xib in Resources */,
				92880C351C6D472A00315DF0 /* SessionCell.xib in Resources */,
				08C48E3E1C75AEF200A53712 /* FestivalCellHeader.xib in Resources */,
				92470D101C389081003E6F7E /* Assets.xcassets in Resources */,
				92470D0B1C389081003E6F7E /* Main.storyboard in Resources */,
				92880C331C6D472100315DF0 /* SessionCellHeader.xib in Resources */,
				08EBAFFD1C771DD60099979A /* ProfileDetailCell.xib in Resources */,
				08F6F82D1C748AF9005BC870 /* FestivalCell.xib in Resources */,
			);
			runOnlyForDeploymentPostprocessing = 0;
		};
		92470D171C389082003E6F7E /* Resources */ = {
			isa = PBXResourcesBuildPhase;
			buildActionMask = 2147483647;
			files = (
			);
			runOnlyForDeploymentPostprocessing = 0;
		};
		92470D221C389082003E6F7E /* Resources */ = {
			isa = PBXResourcesBuildPhase;
			buildActionMask = 2147483647;
			files = (
			);
			runOnlyForDeploymentPostprocessing = 0;
		};
/* End PBXResourcesBuildPhase section */

/* Begin PBXShellScriptBuildPhase section */
		08F2400D1C75EC1800D54B10 /* ShellScript */ = {
			isa = PBXShellScriptBuildPhase;
			buildActionMask = 2147483647;
			files = (
			);
			inputPaths = (
			);
			outputPaths = (
			);
			runOnlyForDeploymentPostprocessing = 0;
			shellPath = /bin/sh;
			shellScript = "\"${PODS_ROOT}/Fabric/run\" e9d8ea4fe5b759511264c7e84968059e51d28dd1 ef57fc537ff182d0552fa2b19ad939211e5de5c70f270bec87b65d2062e53182";
		};
		281E2A824748FDCDF036FDE1 /* Copy Pods Resources */ = {
			isa = PBXShellScriptBuildPhase;
			buildActionMask = 2147483647;
			files = (
			);
			inputPaths = (
			);
			name = "Copy Pods Resources";
			outputPaths = (
			);
			runOnlyForDeploymentPostprocessing = 0;
			shellPath = /bin/sh;
			shellScript = "\"${SRCROOT}/Pods/Target Support Files/Pods-newco-festivals/Pods-newco-festivals-resources.sh\"\n";
			showEnvVarsInLog = 0;
		};
		736B4466B1096EF1AAA9564F /* Embed Pods Frameworks */ = {
			isa = PBXShellScriptBuildPhase;
			buildActionMask = 2147483647;
			files = (
			);
			inputPaths = (
			);
			name = "Embed Pods Frameworks";
			outputPaths = (
			);
			runOnlyForDeploymentPostprocessing = 0;
			shellPath = /bin/sh;
			shellScript = "\"${SRCROOT}/Pods/Target Support Files/Pods-newco-festivals/Pods-newco-festivals-frameworks.sh\"\n";
			showEnvVarsInLog = 0;
		};
		E3E5AF6589E41DEC7C230BE1 /* Check Pods Manifest.lock */ = {
			isa = PBXShellScriptBuildPhase;
			buildActionMask = 2147483647;
			files = (
			);
			inputPaths = (
			);
			name = "Check Pods Manifest.lock";
			outputPaths = (
			);
			runOnlyForDeploymentPostprocessing = 0;
			shellPath = /bin/sh;
			shellScript = "diff \"${PODS_ROOT}/../Podfile.lock\" \"${PODS_ROOT}/Manifest.lock\" > /dev/null\nif [[ $? != 0 ]] ; then\n    cat << EOM\nerror: The sandbox is not in sync with the Podfile.lock. Run 'pod install' or update your CocoaPods installation.\nEOM\n    exit 1\nfi\n";
			showEnvVarsInLog = 0;
		};
/* End PBXShellScriptBuildPhase section */

/* Begin PBXSourcesBuildPhase section */
		92470CF91C389081003E6F7E /* Sources */ = {
			isa = PBXSourcesBuildPhase;
			buildActionMask = 2147483647;
			files = (
				08F6F8251C748AD0005BC870 /* BaseModal.m in Sources */,
				08F240171C75FFD900D54B10 /* ALAlertBanner.m in Sources */,
				08F6F8221C748AC1005BC870 /* BaseMenuCell.m in Sources */,
				08F6F7EC1C747903005BC870 /* WebService.m in Sources */,
				08EBB0001C771E0B0099979A /* ProfileDetailCell.m in Sources */,
				929107261C6C4FF4004B517C /* User.m in Sources */,
				08F6F7E31C74788F005BC870 /* FestivalData.m in Sources */,
				08F240181C75FFD900D54B10 /* ALAlertBannerManager.m in Sources */,
				92470D0E1C389081003E6F7E /* newco_festivals.xcdatamodeld in Sources */,
				08A590461C805CAC00890E30 /* ConfirmationModalView.m in Sources */,
				08F6F8301C748B0F005BC870 /* FestivalsViewController.m in Sources */,
				923D14941C6B05A400629F78 /* SessionCellHeader.m in Sources */,
				08F6F82C1C748AF9005BC870 /* FestivalCell.m in Sources */,
				08F6F8751C749BFB005BC870 /* MenuItem.m in Sources */,
				9291072C1C6C51DC004B517C /* ProfileCell.m in Sources */,
				92880C3D1C6D49C900315DF0 /* ProfileViewController.m in Sources */,
				92470D051C389081003E6F7E /* AppDelegate.m in Sources */,
				08F6F8781C749C43005BC870 /* MenuTableViewController.m in Sources */,
				929107291C6C50BB004B517C /* ScheduleViewController.m in Sources */,
				08F6F8361C748B3D005BC870 /* HeaderMenuCell.m in Sources */,
				08F6F8281C748AE1005BC870 /* CustomUILabel.m in Sources */,
				924ECB741C613B0C0093CAA1 /* ApplicationViewController.m in Sources */,
				08F6F7E61C7478A3005BC870 /* Helper.m in Sources */,
				929107351C6C532D004B517C /* DirectoryViewController.m in Sources */,
				929107211C6C4740004B517C /* UserInitial.m in Sources */,
				08F6F8421C748BE1005BC870 /* WebViewController.m in Sources */,
				92470D021C389081003E6F7E /* main.m in Sources */,
				08F6F7E91C7478ED005BC870 /* SWRevealViewController.m in Sources */,
				08F6F83F1C748BBC005BC870 /* RegularMenuCell.m in Sources */,
				924ECB681C6134AC0093CAA1 /* SignInViewController.m in Sources */,
				08F6F8391C748B61005BC870 /* ModalView.m in Sources */,
				08F8536D1C7588A000E66966 /* AppConst.m in Sources */,
				08F6F8491C748F70005BC870 /* CustomUIView.m in Sources */,
				9212EB3D1C61499F00D17504 /* colors.m in Sources */,
				929107321C6C52E3004B517C /* RootViewController.m in Sources */,
				9216595B1C58CC9E006239D6 /* session.m in Sources */,
				08F6F83C1C748B9E005BC870 /* NSString+NSStringAdditions.m in Sources */,
				08C48E3C1C75AEE100A53712 /* FestivalCellHeader.m in Sources */,
				08F6F8451C748C18005BC870 /* ShareModalView.m in Sources */,
				08F6F8331C748B1D005BC870 /* FilterViewController.m in Sources */,
				929107381C6C5A4E004B517C /* UserImage.m in Sources */,
				08F6F7EF1C747974005BC870 /* MenuCell.m in Sources */,
				08F6F7E01C74787C005BC870 /* Credentials.m in Sources */,
				08F6F7DD1C747860005BC870 /* Animation.m in Sources */,
				083505D21C830C9B00826D63 /* EditProfileViewController.m in Sources */,
				923D14971C6B08AE00629F78 /* SessionDetailViewController.m in Sources */,
				924ECB6B1C6136440093CAA1 /* SessionCell.m in Sources */,
				9291072F1C6C5268004B517C /* ProfileTableViewController.m in Sources */,
			);
			runOnlyForDeploymentPostprocessing = 0;
		};
		92470D151C389082003E6F7E /* Sources */ = {
			isa = PBXSourcesBuildPhase;
			buildActionMask = 2147483647;
			files = (
				92470D1E1C389082003E6F7E /* newco_festivalsTests.m in Sources */,
			);
			runOnlyForDeploymentPostprocessing = 0;
		};
		92470D201C389082003E6F7E /* Sources */ = {
			isa = PBXSourcesBuildPhase;
			buildActionMask = 2147483647;
			files = (
				92470D291C389082003E6F7E /* newco_festivalsUITests.m in Sources */,
			);
			runOnlyForDeploymentPostprocessing = 0;
		};
/* End PBXSourcesBuildPhase section */

/* Begin PBXTargetDependency section */
		92470D1B1C389082003E6F7E /* PBXTargetDependency */ = {
			isa = PBXTargetDependency;
			target = 92470CFC1C389081003E6F7E /* newco-festivals */;
			targetProxy = 92470D1A1C389082003E6F7E /* PBXContainerItemProxy */;
		};
		92470D261C389082003E6F7E /* PBXTargetDependency */ = {
			isa = PBXTargetDependency;
			target = 92470CFC1C389081003E6F7E /* newco-festivals */;
			targetProxy = 92470D251C389082003E6F7E /* PBXContainerItemProxy */;
		};
/* End PBXTargetDependency section */

/* Begin PBXVariantGroup section */
		92470D091C389081003E6F7E /* Main.storyboard */ = {
			isa = PBXVariantGroup;
			children = (
				92470D0A1C389081003E6F7E /* Base */,
			);
			name = Main.storyboard;
			sourceTree = "<group>";
		};
		92470D111C389081003E6F7E /* LaunchScreen.storyboard */ = {
			isa = PBXVariantGroup;
			children = (
				92470D121C389081003E6F7E /* Base */,
			);
			name = LaunchScreen.storyboard;
			sourceTree = "<group>";
		};
/* End PBXVariantGroup section */

/* Begin XCBuildConfiguration section */
		92470D2B1C389082003E6F7E /* Debug */ = {
			isa = XCBuildConfiguration;
			buildSettings = {
				ALWAYS_SEARCH_USER_PATHS = NO;
				CLANG_CXX_LANGUAGE_STANDARD = "gnu++0x";
				CLANG_CXX_LIBRARY = "libc++";
				CLANG_ENABLE_MODULES = YES;
				CLANG_ENABLE_OBJC_ARC = YES;
				CLANG_WARN_BOOL_CONVERSION = YES;
				CLANG_WARN_CONSTANT_CONVERSION = YES;
				CLANG_WARN_DIRECT_OBJC_ISA_USAGE = YES_ERROR;
				CLANG_WARN_EMPTY_BODY = YES;
				CLANG_WARN_ENUM_CONVERSION = YES;
				CLANG_WARN_INT_CONVERSION = YES;
				CLANG_WARN_OBJC_ROOT_CLASS = YES_ERROR;
				CLANG_WARN_UNREACHABLE_CODE = YES;
				CLANG_WARN__DUPLICATE_METHOD_MATCH = YES;
				"CODE_SIGN_IDENTITY[sdk=iphoneos*]" = "iPhone Developer";
				COPY_PHASE_STRIP = NO;
				DEBUG_INFORMATION_FORMAT = dwarf;
				ENABLE_STRICT_OBJC_MSGSEND = YES;
				ENABLE_TESTABILITY = YES;
				GCC_C_LANGUAGE_STANDARD = gnu99;
				GCC_DYNAMIC_NO_PIC = NO;
				GCC_NO_COMMON_BLOCKS = YES;
				GCC_OPTIMIZATION_LEVEL = 0;
				GCC_PREPROCESSOR_DEFINITIONS = (
					"DEBUG=1",
					"$(inherited)",
				);
				GCC_WARN_64_TO_32_BIT_CONVERSION = YES;
				GCC_WARN_ABOUT_RETURN_TYPE = YES_ERROR;
				GCC_WARN_UNDECLARED_SELECTOR = YES;
				GCC_WARN_UNINITIALIZED_AUTOS = YES_AGGRESSIVE;
				GCC_WARN_UNUSED_FUNCTION = YES;
				GCC_WARN_UNUSED_VARIABLE = YES;
				IPHONEOS_DEPLOYMENT_TARGET = 9.2;
				MTL_ENABLE_DEBUG_INFO = YES;
				ONLY_ACTIVE_ARCH = YES;
				SDKROOT = iphoneos;
			};
			name = Debug;
		};
		92470D2C1C389082003E6F7E /* Release */ = {
			isa = XCBuildConfiguration;
			buildSettings = {
				ALWAYS_SEARCH_USER_PATHS = NO;
				CLANG_CXX_LANGUAGE_STANDARD = "gnu++0x";
				CLANG_CXX_LIBRARY = "libc++";
				CLANG_ENABLE_MODULES = YES;
				CLANG_ENABLE_OBJC_ARC = YES;
				CLANG_WARN_BOOL_CONVERSION = YES;
				CLANG_WARN_CONSTANT_CONVERSION = YES;
				CLANG_WARN_DIRECT_OBJC_ISA_USAGE = YES_ERROR;
				CLANG_WARN_EMPTY_BODY = YES;
				CLANG_WARN_ENUM_CONVERSION = YES;
				CLANG_WARN_INT_CONVERSION = YES;
				CLANG_WARN_OBJC_ROOT_CLASS = YES_ERROR;
				CLANG_WARN_UNREACHABLE_CODE = YES;
				CLANG_WARN__DUPLICATE_METHOD_MATCH = YES;
				"CODE_SIGN_IDENTITY[sdk=iphoneos*]" = "iPhone Developer";
				COPY_PHASE_STRIP = NO;
				DEBUG_INFORMATION_FORMAT = "dwarf-with-dsym";
				ENABLE_NS_ASSERTIONS = NO;
				ENABLE_STRICT_OBJC_MSGSEND = YES;
				GCC_C_LANGUAGE_STANDARD = gnu99;
				GCC_NO_COMMON_BLOCKS = YES;
				GCC_WARN_64_TO_32_BIT_CONVERSION = YES;
				GCC_WARN_ABOUT_RETURN_TYPE = YES_ERROR;
				GCC_WARN_UNDECLARED_SELECTOR = YES;
				GCC_WARN_UNINITIALIZED_AUTOS = YES_AGGRESSIVE;
				GCC_WARN_UNUSED_FUNCTION = YES;
				GCC_WARN_UNUSED_VARIABLE = YES;
				IPHONEOS_DEPLOYMENT_TARGET = 9.2;
				MTL_ENABLE_DEBUG_INFO = NO;
				SDKROOT = iphoneos;
				VALIDATE_PRODUCT = YES;
			};
			name = Release;
		};
		92470D2E1C389082003E6F7E /* Debug */ = {
			isa = XCBuildConfiguration;
			baseConfigurationReference = D68E18AACEFFC5496CB930E2 /* Pods-newco-festivals.debug.xcconfig */;
			buildSettings = {
				ASSETCATALOG_COMPILER_APPICON_NAME = AppIcon;
				FRAMEWORK_SEARCH_PATHS = (
					"/Users/yaseen/CSCI/IOS/newco-ios/Pods/FacebookSDKs-iOS-20160210",
					"$(PROJECT_DIR)/Pods/FacebookSDKs-iOS-20160210",
					"$(inherited)",
				);
				GCC_PREFIX_HEADER = "/Users/yaseen/CSCI/IOS/newco-ios/newco-festivals/PrefixHeader.pch";
				INFOPLIST_FILE = "newco-festivals/Info.plist";
				LD_RUNPATH_SEARCH_PATHS = "$(inherited) @executable_path/Frameworks";
				PRODUCT_BUNDLE_IDENTIFIER = "newco.newco-festivals";
				PRODUCT_NAME = "$(TARGET_NAME)";
			};
			name = Debug;
		};
		92470D2F1C389082003E6F7E /* Release */ = {
			isa = XCBuildConfiguration;
			baseConfigurationReference = C6BE9EEA39E8146406331267 /* Pods-newco-festivals.release.xcconfig */;
			buildSettings = {
				ASSETCATALOG_COMPILER_APPICON_NAME = AppIcon;
				FRAMEWORK_SEARCH_PATHS = (
					"/Users/yaseen/CSCI/IOS/newco-ios/Pods/FacebookSDKs-iOS-20160210",
					"$(PROJECT_DIR)/Pods/FacebookSDKs-iOS-20160210",
					"$(inherited)",
				);
				GCC_PREFIX_HEADER = "/Users/yaseen/CSCI/IOS/newco-ios/newco-festivals/PrefixHeader.pch";
				INFOPLIST_FILE = "newco-festivals/Info.plist";
				LD_RUNPATH_SEARCH_PATHS = "$(inherited) @executable_path/Frameworks";
				PRODUCT_BUNDLE_IDENTIFIER = "newco.newco-festivals";
				PRODUCT_NAME = "$(TARGET_NAME)";
			};
			name = Release;
		};
		92470D311C389082003E6F7E /* Debug */ = {
			isa = XCBuildConfiguration;
			buildSettings = {
				BUNDLE_LOADER = "$(TEST_HOST)";
				INFOPLIST_FILE = "newco-festivalsTests/Info.plist";
				LD_RUNPATH_SEARCH_PATHS = "$(inherited) @executable_path/Frameworks @loader_path/Frameworks";
				PRODUCT_BUNDLE_IDENTIFIER = "newco.newco-festivalsTests";
				PRODUCT_NAME = "$(TARGET_NAME)";
				TEST_HOST = "$(BUILT_PRODUCTS_DIR)/newco-festivals.app/newco-festivals";
			};
			name = Debug;
		};
		92470D321C389082003E6F7E /* Release */ = {
			isa = XCBuildConfiguration;
			buildSettings = {
				BUNDLE_LOADER = "$(TEST_HOST)";
				INFOPLIST_FILE = "newco-festivalsTests/Info.plist";
				LD_RUNPATH_SEARCH_PATHS = "$(inherited) @executable_path/Frameworks @loader_path/Frameworks";
				PRODUCT_BUNDLE_IDENTIFIER = "newco.newco-festivalsTests";
				PRODUCT_NAME = "$(TARGET_NAME)";
				TEST_HOST = "$(BUILT_PRODUCTS_DIR)/newco-festivals.app/newco-festivals";
			};
			name = Release;
		};
		92470D341C389082003E6F7E /* Debug */ = {
			isa = XCBuildConfiguration;
			buildSettings = {
				INFOPLIST_FILE = "newco-festivalsUITests/Info.plist";
				LD_RUNPATH_SEARCH_PATHS = "$(inherited) @executable_path/Frameworks @loader_path/Frameworks";
				PRODUCT_BUNDLE_IDENTIFIER = "newco.newco-festivalsUITests";
				PRODUCT_NAME = "$(TARGET_NAME)";
				TEST_TARGET_NAME = "newco-festivals";
				USES_XCTRUNNER = YES;
			};
			name = Debug;
		};
		92470D351C389082003E6F7E /* Release */ = {
			isa = XCBuildConfiguration;
			buildSettings = {
				INFOPLIST_FILE = "newco-festivalsUITests/Info.plist";
				LD_RUNPATH_SEARCH_PATHS = "$(inherited) @executable_path/Frameworks @loader_path/Frameworks";
				PRODUCT_BUNDLE_IDENTIFIER = "newco.newco-festivalsUITests";
				PRODUCT_NAME = "$(TARGET_NAME)";
				TEST_TARGET_NAME = "newco-festivals";
				USES_XCTRUNNER = YES;
			};
			name = Release;
		};
/* End XCBuildConfiguration section */

/* Begin XCConfigurationList section */
		92470CF81C389081003E6F7E /* Build configuration list for PBXProject "newco-festivals" */ = {
			isa = XCConfigurationList;
			buildConfigurations = (
				92470D2B1C389082003E6F7E /* Debug */,
				92470D2C1C389082003E6F7E /* Release */,
			);
			defaultConfigurationIsVisible = 0;
			defaultConfigurationName = Release;
		};
		92470D2D1C389082003E6F7E /* Build configuration list for PBXNativeTarget "newco-festivals" */ = {
			isa = XCConfigurationList;
			buildConfigurations = (
				92470D2E1C389082003E6F7E /* Debug */,
				92470D2F1C389082003E6F7E /* Release */,
			);
			defaultConfigurationIsVisible = 0;
			defaultConfigurationName = Release;
		};
		92470D301C389082003E6F7E /* Build configuration list for PBXNativeTarget "newco-festivalsTests" */ = {
			isa = XCConfigurationList;
			buildConfigurations = (
				92470D311C389082003E6F7E /* Debug */,
				92470D321C389082003E6F7E /* Release */,
			);
			defaultConfigurationIsVisible = 0;
			defaultConfigurationName = Release;
		};
		92470D331C389082003E6F7E /* Build configuration list for PBXNativeTarget "newco-festivalsUITests" */ = {
			isa = XCConfigurationList;
			buildConfigurations = (
				92470D341C389082003E6F7E /* Debug */,
				92470D351C389082003E6F7E /* Release */,
			);
			defaultConfigurationIsVisible = 0;
			defaultConfigurationName = Release;
		};
/* End XCConfigurationList section */

/* Begin XCVersionGroup section */
		92470D0C1C389081003E6F7E /* newco_festivals.xcdatamodeld */ = {
			isa = XCVersionGroup;
			children = (
				92470D0D1C389081003E6F7E /* newco_festivals.xcdatamodel */,
			);
			currentVersion = 92470D0D1C389081003E6F7E /* newco_festivals.xcdatamodel */;
			path = newco_festivals.xcdatamodeld;
			sourceTree = "<group>";
			versionGroupType = wrapper.xcdatamodel;
		};
/* End XCVersionGroup section */
	};
	rootObject = 92470CF51C389081003E6F7E /* Project object */;
}
